
Microsoft Visual Studio Solution File, Format Version 12.00
# Visual Studio 2012
Project("{2150E333-8FDC-42A3-9474-1A3956D46DE8}") = "Client", "Client", "{19DBE148-F782-4A31-B8C5-B591FD911934}"
EndProject
Project("{FAE04EC0-301F-11D3-BF4B-00C04F79EFBC}") = "AutoRobo.Makers", "AutoRobo.Maker\AutoRobo.Makers.csproj", "{ED4D7A89-B456-4D4A-9E24-570D9D8ECA46}"
EndProject
Project("{2150E333-8FDC-42A3-9474-1A3956D46DE8}") = "Common", "Common", "{2A039456-D4A3-417A-8797-BEA66B008C53}"
EndProject
Project("{FAE04EC0-301F-11D3-BF4B-00C04F79EFBC}") = "AutoRobo.Core", "AutoRobo.Core\AutoRobo.Core.csproj", "{B5F04D1A-A40B-4136-8390-F3AEFF3C8F6C}"
EndProject
Project("{FAE04EC0-301F-11D3-BF4B-00C04F79EFBC}") = "AutoRobo.WebApi", "AutoRobo.WebApi\AutoRobo.WebApi.csproj", "{85F90361-2B8F-4F07-B41A-5549797B0BB6}"
EndProject
Project("{FAE04EC0-301F-11D3-BF4B-00C04F79EFBC}") = "AutoRobo.WebHelper", "AutoRobo.WebHelper\AutoRobo.WebHelper.csproj", "{C3642563-DC8D-4200-A399-1F5B1B2A298E}"
EndProject
Project("{FAE04EC0-301F-11D3-BF4B-00C04F79EFBC}") = "AutoRobo.DataMapping", "AutoRobo.DataMapping\AutoRobo.DataMapping.csproj", "{9CFDEA39-275B-4245-BDE7-D96FD28D7EE4}"
EndProject
Project("{FAE04EC0-301F-11D3-BF4B-00C04F79EFBC}") = "AutoRobo.Protocol", "AutoRobo.Protocol\AutoRobo.Protocol.csproj", "{E6002FD6-8506-4FC5-954D-9DB4202573BE}"
EndProject
Project("{FAE04EC0-301F-11D3-BF4B-00C04F79EFBC}") = "AutoRobo.ClientLib", "AutoRobo.Ant\AutoRobo.ClientLib.csproj", "{57C9613C-AE7D-4B0E-B641-6E1D0FE9E5FA}"
EndProject
Project("{2150E333-8FDC-42A3-9474-1A3956D46DE8}") = "Solution Items", "Solution Items", "{30429DF8-B5B6-4801-89A9-D7C5AA147C7F}"
EndProject
Project("{FAE04EC0-301F-11D3-BF4B-00C04F79EFBC}") = "AutoRobo.PlulgIn", "AutoRobo.PlulgIn\AutoRobo.PlulgIn.csproj", "{6C27FE0B-C51F-43B2-8E52-B0345341CA8B}"
EndProject
Project("{FAE04EC0-301F-11D3-BF4B-00C04F79EFBC}") = "MyTabControl", "MyTabControl\MyTabControl.csproj", "{3513ECC9-37E0-49A3-9551-9865702B6D3A}"
EndProject
Project("{FAE04EC0-301F-11D3-BF4B-00C04F79EFBC}") = "csExWB", "csExWB\csExWB.csproj", "{E8E8BB5D-3302-4763-94F2-A8A238F7D6EA}"
EndProject
Project("{2150E333-8FDC-42A3-9474-1A3956D46DE8}") = "test", "test", "{257F1F7A-F85F-4A16-A913-9AC47779F89C}"
EndProject
Project("{FAE04EC0-301F-11D3-BF4B-00C04F79EFBC}") = "AutoRobo.ClientLib.Test", "AutoRobo.ClientLib.Test\AutoRobo.ClientLib.Test.csproj", "{3B4E5512-1440-4AD7-B0FD-3AF2A7C9C343}"
EndProject
Project("{FAE04EC0-301F-11D3-BF4B-00C04F79EFBC}") = "AutoRobo.DB", "AutoRobo.DB\AutoRobo.DB.csproj", "{23B83EAD-51A4-452C-A5FD-CC21ACFFA889}"
EndProject
Project("{FAE04EC0-301F-11D3-BF4B-00C04F79EFBC}") = "WatiN.Core", "..\3rd\WatiN.Core\source\src\Core\WatiN.Core.csproj", "{217E2D34-F6DF-431B-AC5A-B368F481A530}"
EndProject
Global
	GlobalSection(SubversionScc) = preSolution
		Svn-Managed = True
		Manager = AnkhSVN - Subversion Support for Visual Studio
	EndGlobalSection
	GlobalSection(SolutionConfigurationPlatforms) = preSolution
		AutomatedDebug|Any CPU = AutomatedDebug|Any CPU
		AutomatedDebug|Mixed Platforms = AutomatedDebug|Mixed Platforms
		AutomatedDebug|x86 = AutomatedDebug|x86
		Configuration|Any CPU = Configuration|Any CPU
		Configuration|Mixed Platforms = Configuration|Mixed Platforms
		Configuration|x86 = Configuration|x86
		Debug (.Net 2.0)|Any CPU = Debug (.Net 2.0)|Any CPU
		Debug (.Net 2.0)|Mixed Platforms = Debug (.Net 2.0)|Mixed Platforms
		Debug (.Net 2.0)|x86 = Debug (.Net 2.0)|x86
		Debug (.Net 3.5)|Any CPU = Debug (.Net 3.5)|Any CPU
		Debug (.Net 3.5)|Mixed Platforms = Debug (.Net 3.5)|Mixed Platforms
		Debug (.Net 3.5)|x86 = Debug (.Net 3.5)|x86
		Debug (.Net 4.0)|Any CPU = Debug (.Net 4.0)|Any CPU
		Debug (.Net 4.0)|Mixed Platforms = Debug (.Net 4.0)|Mixed Platforms
		Debug (.Net 4.0)|x86 = Debug (.Net 4.0)|x86
		Debug|Any CPU = Debug|Any CPU
		Debug|Mixed Platforms = Debug|Mixed Platforms
		Debug|x86 = Debug|x86
		NET40-Debug|Any CPU = NET40-Debug|Any CPU
		NET40-Debug|Mixed Platforms = NET40-Debug|Mixed Platforms
		NET40-Debug|x86 = NET40-Debug|x86
		NET40-Release|Any CPU = NET40-Release|Any CPU
		NET40-Release|Mixed Platforms = NET40-Release|Mixed Platforms
		NET40-Release|x86 = NET40-Release|x86
		Release (.Net 2.0)|Any CPU = Release (.Net 2.0)|Any CPU
		Release (.Net 2.0)|Mixed Platforms = Release (.Net 2.0)|Mixed Platforms
		Release (.Net 2.0)|x86 = Release (.Net 2.0)|x86
		Release (.Net 3.5)|Any CPU = Release (.Net 3.5)|Any CPU
		Release (.Net 3.5)|Mixed Platforms = Release (.Net 3.5)|Mixed Platforms
		Release (.Net 3.5)|x86 = Release (.Net 3.5)|x86
		Release (.Net 4.0)|Any CPU = Release (.Net 4.0)|Any CPU
		Release (.Net 4.0)|Mixed Platforms = Release (.Net 4.0)|Mixed Platforms
		Release (.Net 4.0)|x86 = Release (.Net 4.0)|x86
		Release|Any CPU = Release|Any CPU
		Release|Mixed Platforms = Release|Mixed Platforms
		Release|x86 = Release|x86
	EndGlobalSection
	GlobalSection(ProjectConfigurationPlatforms) = postSolution
		{ED4D7A89-B456-4D4A-9E24-570D9D8ECA46}.AutomatedDebug|Any CPU.ActiveCfg = Debug|Any CPU
		{ED4D7A89-B456-4D4A-9E24-570D9D8ECA46}.AutomatedDebug|Any CPU.Build.0 = Debug|Any CPU
		{ED4D7A89-B456-4D4A-9E24-570D9D8ECA46}.AutomatedDebug|Mixed Platforms.ActiveCfg = Debug|x86
		{ED4D7A89-B456-4D4A-9E24-570D9D8ECA46}.AutomatedDebug|Mixed Platforms.Build.0 = Debug|x86
		{ED4D7A89-B456-4D4A-9E24-570D9D8ECA46}.AutomatedDebug|x86.ActiveCfg = Debug|x86
		{ED4D7A89-B456-4D4A-9E24-570D9D8ECA46}.AutomatedDebug|x86.Build.0 = Debug|x86
		{ED4D7A89-B456-4D4A-9E24-570D9D8ECA46}.Configuration|Any CPU.ActiveCfg = Release|x86
		{ED4D7A89-B456-4D4A-9E24-570D9D8ECA46}.Configuration|Mixed Platforms.ActiveCfg = Release|x86
		{ED4D7A89-B456-4D4A-9E24-570D9D8ECA46}.Configuration|Mixed Platforms.Build.0 = Release|x86
		{ED4D7A89-B456-4D4A-9E24-570D9D8ECA46}.Configuration|x86.ActiveCfg = Release|x86
		{ED4D7A89-B456-4D4A-9E24-570D9D8ECA46}.Configuration|x86.Build.0 = Release|x86
		{ED4D7A89-B456-4D4A-9E24-570D9D8ECA46}.Debug (.Net 2.0)|Any CPU.ActiveCfg = Debug|x86
		{ED4D7A89-B456-4D4A-9E24-570D9D8ECA46}.Debug (.Net 2.0)|Mixed Platforms.ActiveCfg = Debug|x86
		{ED4D7A89-B456-4D4A-9E24-570D9D8ECA46}.Debug (.Net 2.0)|Mixed Platforms.Build.0 = Debug|x86
		{ED4D7A89-B456-4D4A-9E24-570D9D8ECA46}.Debug (.Net 2.0)|x86.ActiveCfg = Debug|x86
		{ED4D7A89-B456-4D4A-9E24-570D9D8ECA46}.Debug (.Net 2.0)|x86.Build.0 = Debug|x86
		{ED4D7A89-B456-4D4A-9E24-570D9D8ECA46}.Debug (.Net 3.5)|Any CPU.ActiveCfg = Debug|x86
		{ED4D7A89-B456-4D4A-9E24-570D9D8ECA46}.Debug (.Net 3.5)|Mixed Platforms.ActiveCfg = Debug|x86
		{ED4D7A89-B456-4D4A-9E24-570D9D8ECA46}.Debug (.Net 3.5)|Mixed Platforms.Build.0 = Debug|x86
		{ED4D7A89-B456-4D4A-9E24-570D9D8ECA46}.Debug (.Net 3.5)|x86.ActiveCfg = Debug|x86
		{ED4D7A89-B456-4D4A-9E24-570D9D8ECA46}.Debug (.Net 3.5)|x86.Build.0 = Debug|x86
		{ED4D7A89-B456-4D4A-9E24-570D9D8ECA46}.Debug (.Net 4.0)|Any CPU.ActiveCfg = Debug|Any CPU
		{ED4D7A89-B456-4D4A-9E24-570D9D8ECA46}.Debug (.Net 4.0)|Any CPU.Build.0 = Debug|Any CPU
		{ED4D7A89-B456-4D4A-9E24-570D9D8ECA46}.Debug (.Net 4.0)|Mixed Platforms.ActiveCfg = Debug|x86
		{ED4D7A89-B456-4D4A-9E24-570D9D8ECA46}.Debug (.Net 4.0)|Mixed Platforms.Build.0 = Debug|x86
		{ED4D7A89-B456-4D4A-9E24-570D9D8ECA46}.Debug (.Net 4.0)|x86.ActiveCfg = Debug|x86
		{ED4D7A89-B456-4D4A-9E24-570D9D8ECA46}.Debug (.Net 4.0)|x86.Build.0 = Debug|x86
		{ED4D7A89-B456-4D4A-9E24-570D9D8ECA46}.Debug|Any CPU.ActiveCfg = Debug|Any CPU
		{ED4D7A89-B456-4D4A-9E24-570D9D8ECA46}.Debug|Any CPU.Build.0 = Debug|Any CPU
		{ED4D7A89-B456-4D4A-9E24-570D9D8ECA46}.Debug|Mixed Platforms.ActiveCfg = Debug|Any CPU
		{ED4D7A89-B456-4D4A-9E24-570D9D8ECA46}.Debug|Mixed Platforms.Build.0 = Debug|Any CPU
		{ED4D7A89-B456-4D4A-9E24-570D9D8ECA46}.Debug|x86.ActiveCfg = Debug|x86
		{ED4D7A89-B456-4D4A-9E24-570D9D8ECA46}.Debug|x86.Build.0 = Debug|x86
		{ED4D7A89-B456-4D4A-9E24-570D9D8ECA46}.NET40-Debug|Any CPU.ActiveCfg = Debug|Any CPU
		{ED4D7A89-B456-4D4A-9E24-570D9D8ECA46}.NET40-Debug|Any CPU.Build.0 = Debug|Any CPU
		{ED4D7A89-B456-4D4A-9E24-570D9D8ECA46}.NET40-Debug|Mixed Platforms.ActiveCfg = Debug|x86
		{ED4D7A89-B456-4D4A-9E24-570D9D8ECA46}.NET40-Debug|Mixed Platforms.Build.0 = Debug|x86
		{ED4D7A89-B456-4D4A-9E24-570D9D8ECA46}.NET40-Debug|x86.ActiveCfg = Debug|x86
		{ED4D7A89-B456-4D4A-9E24-570D9D8ECA46}.NET40-Debug|x86.Build.0 = Debug|x86
		{ED4D7A89-B456-4D4A-9E24-570D9D8ECA46}.NET40-Release|Any CPU.ActiveCfg = Release|Any CPU
		{ED4D7A89-B456-4D4A-9E24-570D9D8ECA46}.NET40-Release|Any CPU.Build.0 = Release|Any CPU
		{ED4D7A89-B456-4D4A-9E24-570D9D8ECA46}.NET40-Release|Mixed Platforms.ActiveCfg = Release|Any CPU
		{ED4D7A89-B456-4D4A-9E24-570D9D8ECA46}.NET40-Release|Mixed Platforms.Build.0 = Release|Any CPU
		{ED4D7A89-B456-4D4A-9E24-570D9D8ECA46}.NET40-Release|x86.ActiveCfg = Release|x86
		{ED4D7A89-B456-4D4A-9E24-570D9D8ECA46}.NET40-Release|x86.Build.0 = Release|x86
		{ED4D7A89-B456-4D4A-9E24-570D9D8ECA46}.Release (.Net 2.0)|Any CPU.ActiveCfg = Release|x86
		{ED4D7A89-B456-4D4A-9E24-570D9D8ECA46}.Release (.Net 2.0)|Mixed Platforms.ActiveCfg = Release|x86
		{ED4D7A89-B456-4D4A-9E24-570D9D8ECA46}.Release (.Net 2.0)|Mixed Platforms.Build.0 = Release|x86
		{ED4D7A89-B456-4D4A-9E24-570D9D8ECA46}.Release (.Net 2.0)|x86.ActiveCfg = Release|x86
		{ED4D7A89-B456-4D4A-9E24-570D9D8ECA46}.Release (.Net 2.0)|x86.Build.0 = Release|x86
		{ED4D7A89-B456-4D4A-9E24-570D9D8ECA46}.Release (.Net 3.5)|Any CPU.ActiveCfg = Release|x86
		{ED4D7A89-B456-4D4A-9E24-570D9D8ECA46}.Release (.Net 3.5)|Mixed Platforms.ActiveCfg = Release|x86
		{ED4D7A89-B456-4D4A-9E24-570D9D8ECA46}.Release (.Net 3.5)|Mixed Platforms.Build.0 = Release|x86
		{ED4D7A89-B456-4D4A-9E24-570D9D8ECA46}.Release (.Net 3.5)|x86.ActiveCfg = Release|x86
		{ED4D7A89-B456-4D4A-9E24-570D9D8ECA46}.Release (.Net 3.5)|x86.Build.0 = Release|x86
		{ED4D7A89-B456-4D4A-9E24-570D9D8ECA46}.Release (.Net 4.0)|Any CPU.ActiveCfg = Release|Any CPU
		{ED4D7A89-B456-4D4A-9E24-570D9D8ECA46}.Release (.Net 4.0)|Any CPU.Build.0 = Release|Any CPU
		{ED4D7A89-B456-4D4A-9E24-570D9D8ECA46}.Release (.Net 4.0)|Mixed Platforms.ActiveCfg = Release|Any CPU
		{ED4D7A89-B456-4D4A-9E24-570D9D8ECA46}.Release (.Net 4.0)|Mixed Platforms.Build.0 = Release|Any CPU
		{ED4D7A89-B456-4D4A-9E24-570D9D8ECA46}.Release (.Net 4.0)|x86.ActiveCfg = Release|x86
		{ED4D7A89-B456-4D4A-9E24-570D9D8ECA46}.Release (.Net 4.0)|x86.Build.0 = Release|x86
		{ED4D7A89-B456-4D4A-9E24-570D9D8ECA46}.Release|Any CPU.ActiveCfg = Release|Any CPU
		{ED4D7A89-B456-4D4A-9E24-570D9D8ECA46}.Release|Any CPU.Build.0 = Release|Any CPU
		{ED4D7A89-B456-4D4A-9E24-570D9D8ECA46}.Release|Mixed Platforms.ActiveCfg = Release|Any CPU
		{ED4D7A89-B456-4D4A-9E24-570D9D8ECA46}.Release|Mixed Platforms.Build.0 = Release|Any CPU
		{ED4D7A89-B456-4D4A-9E24-570D9D8ECA46}.Release|x86.ActiveCfg = Release|Any CPU
		{ED4D7A89-B456-4D4A-9E24-570D9D8ECA46}.Release|x86.Build.0 = Release|Any CPU
		{B5F04D1A-A40B-4136-8390-F3AEFF3C8F6C}.AutomatedDebug|Any CPU.ActiveCfg = Debug|Any CPU
		{B5F04D1A-A40B-4136-8390-F3AEFF3C8F6C}.AutomatedDebug|Any CPU.Build.0 = Debug|Any CPU
		{B5F04D1A-A40B-4136-8390-F3AEFF3C8F6C}.AutomatedDebug|Mixed Platforms.ActiveCfg = Debug|Any CPU
		{B5F04D1A-A40B-4136-8390-F3AEFF3C8F6C}.AutomatedDebug|Mixed Platforms.Build.0 = Debug|Any CPU
		{B5F04D1A-A40B-4136-8390-F3AEFF3C8F6C}.AutomatedDebug|x86.ActiveCfg = Debug|Any CPU
		{B5F04D1A-A40B-4136-8390-F3AEFF3C8F6C}.Configuration|Any CPU.ActiveCfg = Release|Any CPU
		{B5F04D1A-A40B-4136-8390-F3AEFF3C8F6C}.Configuration|Any CPU.Build.0 = Release|Any CPU
		{B5F04D1A-A40B-4136-8390-F3AEFF3C8F6C}.Configuration|Mixed Platforms.ActiveCfg = Release|Any CPU
		{B5F04D1A-A40B-4136-8390-F3AEFF3C8F6C}.Configuration|Mixed Platforms.Build.0 = Release|Any CPU
		{B5F04D1A-A40B-4136-8390-F3AEFF3C8F6C}.Configuration|x86.ActiveCfg = Release|Any CPU
		{B5F04D1A-A40B-4136-8390-F3AEFF3C8F6C}.Debug (.Net 2.0)|Any CPU.ActiveCfg = Debug|Any CPU
		{B5F04D1A-A40B-4136-8390-F3AEFF3C8F6C}.Debug (.Net 2.0)|Any CPU.Build.0 = Debug|Any CPU
		{B5F04D1A-A40B-4136-8390-F3AEFF3C8F6C}.Debug (.Net 2.0)|Mixed Platforms.ActiveCfg = Debug|Any CPU
		{B5F04D1A-A40B-4136-8390-F3AEFF3C8F6C}.Debug (.Net 2.0)|Mixed Platforms.Build.0 = Debug|Any CPU
		{B5F04D1A-A40B-4136-8390-F3AEFF3C8F6C}.Debug (.Net 2.0)|x86.ActiveCfg = Debug|Any CPU
		{B5F04D1A-A40B-4136-8390-F3AEFF3C8F6C}.Debug (.Net 3.5)|Any CPU.ActiveCfg = Debug|Any CPU
		{B5F04D1A-A40B-4136-8390-F3AEFF3C8F6C}.Debug (.Net 3.5)|Any CPU.Build.0 = Debug|Any CPU
		{B5F04D1A-A40B-4136-8390-F3AEFF3C8F6C}.Debug (.Net 3.5)|Mixed Platforms.ActiveCfg = Debug|Any CPU
		{B5F04D1A-A40B-4136-8390-F3AEFF3C8F6C}.Debug (.Net 3.5)|Mixed Platforms.Build.0 = Debug|Any CPU
		{B5F04D1A-A40B-4136-8390-F3AEFF3C8F6C}.Debug (.Net 3.5)|x86.ActiveCfg = Debug|Any CPU
		{B5F04D1A-A40B-4136-8390-F3AEFF3C8F6C}.Debug (.Net 4.0)|Any CPU.ActiveCfg = Debug|Any CPU
		{B5F04D1A-A40B-4136-8390-F3AEFF3C8F6C}.Debug (.Net 4.0)|Any CPU.Build.0 = Debug|Any CPU
		{B5F04D1A-A40B-4136-8390-F3AEFF3C8F6C}.Debug (.Net 4.0)|Mixed Platforms.ActiveCfg = Debug|Any CPU
		{B5F04D1A-A40B-4136-8390-F3AEFF3C8F6C}.Debug (.Net 4.0)|Mixed Platforms.Build.0 = Debug|Any CPU
		{B5F04D1A-A40B-4136-8390-F3AEFF3C8F6C}.Debug (.Net 4.0)|x86.ActiveCfg = Debug|Any CPU
		{B5F04D1A-A40B-4136-8390-F3AEFF3C8F6C}.Debug|Any CPU.ActiveCfg = Debug|Any CPU
		{B5F04D1A-A40B-4136-8390-F3AEFF3C8F6C}.Debug|Any CPU.Build.0 = Debug|Any CPU
		{B5F04D1A-A40B-4136-8390-F3AEFF3C8F6C}.Debug|Mixed Platforms.ActiveCfg = Debug|Any CPU
		{B5F04D1A-A40B-4136-8390-F3AEFF3C8F6C}.Debug|Mixed Platforms.Build.0 = Debug|Any CPU
		{B5F04D1A-A40B-4136-8390-F3AEFF3C8F6C}.Debug|x86.ActiveCfg = Debug|Any CPU
		{B5F04D1A-A40B-4136-8390-F3AEFF3C8F6C}.NET40-Debug|Any CPU.ActiveCfg = Debug|Any CPU
		{B5F04D1A-A40B-4136-8390-F3AEFF3C8F6C}.NET40-Debug|Any CPU.Build.0 = Debug|Any CPU
		{B5F04D1A-A40B-4136-8390-F3AEFF3C8F6C}.NET40-Debug|Mixed Platforms.ActiveCfg = Debug|Any CPU
		{B5F04D1A-A40B-4136-8390-F3AEFF3C8F6C}.NET40-Debug|Mixed Platforms.Build.0 = Debug|Any CPU
		{B5F04D1A-A40B-4136-8390-F3AEFF3C8F6C}.NET40-Debug|x86.ActiveCfg = Debug|Any CPU
		{B5F04D1A-A40B-4136-8390-F3AEFF3C8F6C}.NET40-Release|Any CPU.ActiveCfg = Release|Any CPU
		{B5F04D1A-A40B-4136-8390-F3AEFF3C8F6C}.NET40-Release|Any CPU.Build.0 = Release|Any CPU
		{B5F04D1A-A40B-4136-8390-F3AEFF3C8F6C}.NET40-Release|Mixed Platforms.ActiveCfg = Release|Any CPU
		{B5F04D1A-A40B-4136-8390-F3AEFF3C8F6C}.NET40-Release|Mixed Platforms.Build.0 = Release|Any CPU
		{B5F04D1A-A40B-4136-8390-F3AEFF3C8F6C}.NET40-Release|x86.ActiveCfg = Release|Any CPU
		{B5F04D1A-A40B-4136-8390-F3AEFF3C8F6C}.Release (.Net 2.0)|Any CPU.ActiveCfg = Release|Any CPU
		{B5F04D1A-A40B-4136-8390-F3AEFF3C8F6C}.Release (.Net 2.0)|Any CPU.Build.0 = Release|Any CPU
		{B5F04D1A-A40B-4136-8390-F3AEFF3C8F6C}.Release (.Net 2.0)|Mixed Platforms.ActiveCfg = Release|Any CPU
		{B5F04D1A-A40B-4136-8390-F3AEFF3C8F6C}.Release (.Net 2.0)|Mixed Platforms.Build.0 = Release|Any CPU
		{B5F04D1A-A40B-4136-8390-F3AEFF3C8F6C}.Release (.Net 2.0)|x86.ActiveCfg = Release|Any CPU
		{B5F04D1A-A40B-4136-8390-F3AEFF3C8F6C}.Release (.Net 3.5)|Any CPU.ActiveCfg = Release|Any CPU
		{B5F04D1A-A40B-4136-8390-F3AEFF3C8F6C}.Release (.Net 3.5)|Any CPU.Build.0 = Release|Any CPU
		{B5F04D1A-A40B-4136-8390-F3AEFF3C8F6C}.Release (.Net 3.5)|Mixed Platforms.ActiveCfg = Release|Any CPU
		{B5F04D1A-A40B-4136-8390-F3AEFF3C8F6C}.Release (.Net 3.5)|Mixed Platforms.Build.0 = Release|Any CPU
		{B5F04D1A-A40B-4136-8390-F3AEFF3C8F6C}.Release (.Net 3.5)|x86.ActiveCfg = Release|Any CPU
		{B5F04D1A-A40B-4136-8390-F3AEFF3C8F6C}.Release (.Net 4.0)|Any CPU.ActiveCfg = Release|Any CPU
		{B5F04D1A-A40B-4136-8390-F3AEFF3C8F6C}.Release (.Net 4.0)|Any CPU.Build.0 = Release|Any CPU
		{B5F04D1A-A40B-4136-8390-F3AEFF3C8F6C}.Release (.Net 4.0)|Mixed Platforms.ActiveCfg = Release|Any CPU
		{B5F04D1A-A40B-4136-8390-F3AEFF3C8F6C}.Release (.Net 4.0)|Mixed Platforms.Build.0 = Release|Any CPU
		{B5F04D1A-A40B-4136-8390-F3AEFF3C8F6C}.Release (.Net 4.0)|x86.ActiveCfg = Release|x86
		{B5F04D1A-A40B-4136-8390-F3AEFF3C8F6C}.Release|Any CPU.ActiveCfg = Release|Any CPU
		{B5F04D1A-A40B-4136-8390-F3AEFF3C8F6C}.Release|Any CPU.Build.0 = Release|Any CPU
		{B5F04D1A-A40B-4136-8390-F3AEFF3C8F6C}.Release|Mixed Platforms.ActiveCfg = Release|Any CPU
		{B5F04D1A-A40B-4136-8390-F3AEFF3C8F6C}.Release|Mixed Platforms.Build.0 = Release|Any CPU
		{B5F04D1A-A40B-4136-8390-F3AEFF3C8F6C}.Release|x86.ActiveCfg = Release|Any CPU
		{B5F04D1A-A40B-4136-8390-F3AEFF3C8F6C}.Release|x86.Build.0 = Release|Any CPU
		{85F90361-2B8F-4F07-B41A-5549797B0BB6}.AutomatedDebug|Any CPU.ActiveCfg = Debug|Any CPU
		{85F90361-2B8F-4F07-B41A-5549797B0BB6}.AutomatedDebug|Any CPU.Build.0 = Debug|Any CPU
		{85F90361-2B8F-4F07-B41A-5549797B0BB6}.AutomatedDebug|Mixed Platforms.ActiveCfg = Debug|Any CPU
		{85F90361-2B8F-4F07-B41A-5549797B0BB6}.AutomatedDebug|Mixed Platforms.Build.0 = Debug|Any CPU
		{85F90361-2B8F-4F07-B41A-5549797B0BB6}.AutomatedDebug|x86.ActiveCfg = Debug|Any CPU
		{85F90361-2B8F-4F07-B41A-5549797B0BB6}.Configuration|Any CPU.ActiveCfg = Release|Any CPU
		{85F90361-2B8F-4F07-B41A-5549797B0BB6}.Configuration|Any CPU.Build.0 = Release|Any CPU
		{85F90361-2B8F-4F07-B41A-5549797B0BB6}.Configuration|Mixed Platforms.ActiveCfg = Release|Any CPU
		{85F90361-2B8F-4F07-B41A-5549797B0BB6}.Configuration|Mixed Platforms.Build.0 = Release|Any CPU
		{85F90361-2B8F-4F07-B41A-5549797B0BB6}.Configuration|x86.ActiveCfg = Release|Any CPU
		{85F90361-2B8F-4F07-B41A-5549797B0BB6}.Debug (.Net 2.0)|Any CPU.ActiveCfg = Debug|Any CPU
		{85F90361-2B8F-4F07-B41A-5549797B0BB6}.Debug (.Net 2.0)|Any CPU.Build.0 = Debug|Any CPU
		{85F90361-2B8F-4F07-B41A-5549797B0BB6}.Debug (.Net 2.0)|Mixed Platforms.ActiveCfg = Debug|Any CPU
		{85F90361-2B8F-4F07-B41A-5549797B0BB6}.Debug (.Net 2.0)|Mixed Platforms.Build.0 = Debug|Any CPU
		{85F90361-2B8F-4F07-B41A-5549797B0BB6}.Debug (.Net 2.0)|x86.ActiveCfg = Debug|Any CPU
		{85F90361-2B8F-4F07-B41A-5549797B0BB6}.Debug (.Net 3.5)|Any CPU.ActiveCfg = Debug|Any CPU
		{85F90361-2B8F-4F07-B41A-5549797B0BB6}.Debug (.Net 3.5)|Any CPU.Build.0 = Debug|Any CPU
		{85F90361-2B8F-4F07-B41A-5549797B0BB6}.Debug (.Net 3.5)|Mixed Platforms.ActiveCfg = Debug|Any CPU
		{85F90361-2B8F-4F07-B41A-5549797B0BB6}.Debug (.Net 3.5)|Mixed Platforms.Build.0 = Debug|Any CPU
		{85F90361-2B8F-4F07-B41A-5549797B0BB6}.Debug (.Net 3.5)|x86.ActiveCfg = Debug|Any CPU
		{85F90361-2B8F-4F07-B41A-5549797B0BB6}.Debug (.Net 4.0)|Any CPU.ActiveCfg = Debug|Any CPU
		{85F90361-2B8F-4F07-B41A-5549797B0BB6}.Debug (.Net 4.0)|Any CPU.Build.0 = Debug|Any CPU
		{85F90361-2B8F-4F07-B41A-5549797B0BB6}.Debug (.Net 4.0)|Mixed Platforms.ActiveCfg = Debug|Any CPU
		{85F90361-2B8F-4F07-B41A-5549797B0BB6}.Debug (.Net 4.0)|Mixed Platforms.Build.0 = Debug|Any CPU
		{85F90361-2B8F-4F07-B41A-5549797B0BB6}.Debug (.Net 4.0)|x86.ActiveCfg = Debug|Any CPU
		{85F90361-2B8F-4F07-B41A-5549797B0BB6}.Debug|Any CPU.ActiveCfg = Debug|Any CPU
		{85F90361-2B8F-4F07-B41A-5549797B0BB6}.Debug|Any CPU.Build.0 = Debug|Any CPU
		{85F90361-2B8F-4F07-B41A-5549797B0BB6}.Debug|Mixed Platforms.ActiveCfg = Debug|Any CPU
		{85F90361-2B8F-4F07-B41A-5549797B0BB6}.Debug|Mixed Platforms.Build.0 = Debug|Any CPU
		{85F90361-2B8F-4F07-B41A-5549797B0BB6}.Debug|x86.ActiveCfg = Debug|Any CPU
		{85F90361-2B8F-4F07-B41A-5549797B0BB6}.NET40-Debug|Any CPU.ActiveCfg = Debug|Any CPU
		{85F90361-2B8F-4F07-B41A-5549797B0BB6}.NET40-Debug|Any CPU.Build.0 = Debug|Any CPU
		{85F90361-2B8F-4F07-B41A-5549797B0BB6}.NET40-Debug|Mixed Platforms.ActiveCfg = Debug|Any CPU
		{85F90361-2B8F-4F07-B41A-5549797B0BB6}.NET40-Debug|Mixed Platforms.Build.0 = Debug|Any CPU
		{85F90361-2B8F-4F07-B41A-5549797B0BB6}.NET40-Debug|x86.ActiveCfg = Debug|Any CPU
		{85F90361-2B8F-4F07-B41A-5549797B0BB6}.NET40-Release|Any CPU.ActiveCfg = Release|Any CPU
		{85F90361-2B8F-4F07-B41A-5549797B0BB6}.NET40-Release|Any CPU.Build.0 = Release|Any CPU
		{85F90361-2B8F-4F07-B41A-5549797B0BB6}.NET40-Release|Mixed Platforms.ActiveCfg = Release|Any CPU
		{85F90361-2B8F-4F07-B41A-5549797B0BB6}.NET40-Release|Mixed Platforms.Build.0 = Release|Any CPU
		{85F90361-2B8F-4F07-B41A-5549797B0BB6}.NET40-Release|x86.ActiveCfg = Release|Any CPU
		{85F90361-2B8F-4F07-B41A-5549797B0BB6}.Release (.Net 2.0)|Any CPU.ActiveCfg = Release|Any CPU
		{85F90361-2B8F-4F07-B41A-5549797B0BB6}.Release (.Net 2.0)|Any CPU.Build.0 = Release|Any CPU
		{85F90361-2B8F-4F07-B41A-5549797B0BB6}.Release (.Net 2.0)|Mixed Platforms.ActiveCfg = Release|Any CPU
		{85F90361-2B8F-4F07-B41A-5549797B0BB6}.Release (.Net 2.0)|Mixed Platforms.Build.0 = Release|Any CPU
		{85F90361-2B8F-4F07-B41A-5549797B0BB6}.Release (.Net 2.0)|x86.ActiveCfg = Release|Any CPU
		{85F90361-2B8F-4F07-B41A-5549797B0BB6}.Release (.Net 3.5)|Any CPU.ActiveCfg = Release|Any CPU
		{85F90361-2B8F-4F07-B41A-5549797B0BB6}.Release (.Net 3.5)|Any CPU.Build.0 = Release|Any CPU
		{85F90361-2B8F-4F07-B41A-5549797B0BB6}.Release (.Net 3.5)|Mixed Platforms.ActiveCfg = Release|Any CPU
		{85F90361-2B8F-4F07-B41A-5549797B0BB6}.Release (.Net 3.5)|Mixed Platforms.Build.0 = Release|Any CPU
		{85F90361-2B8F-4F07-B41A-5549797B0BB6}.Release (.Net 3.5)|x86.ActiveCfg = Release|Any CPU
		{85F90361-2B8F-4F07-B41A-5549797B0BB6}.Release (.Net 4.0)|Any CPU.ActiveCfg = Release|Any CPU
		{85F90361-2B8F-4F07-B41A-5549797B0BB6}.Release (.Net 4.0)|Any CPU.Build.0 = Release|Any CPU
		{85F90361-2B8F-4F07-B41A-5549797B0BB6}.Release (.Net 4.0)|Mixed Platforms.ActiveCfg = Release|Any CPU
		{85F90361-2B8F-4F07-B41A-5549797B0BB6}.Release (.Net 4.0)|Mixed Platforms.Build.0 = Release|Any CPU
		{85F90361-2B8F-4F07-B41A-5549797B0BB6}.Release (.Net 4.0)|x86.ActiveCfg = Release|Any CPU
		{85F90361-2B8F-4F07-B41A-5549797B0BB6}.Release|Any CPU.ActiveCfg = Release|Any CPU
		{85F90361-2B8F-4F07-B41A-5549797B0BB6}.Release|Any CPU.Build.0 = Release|Any CPU
		{85F90361-2B8F-4F07-B41A-5549797B0BB6}.Release|Mixed Platforms.ActiveCfg = Release|Any CPU
		{85F90361-2B8F-4F07-B41A-5549797B0BB6}.Release|Mixed Platforms.Build.0 = Release|Any CPU
		{85F90361-2B8F-4F07-B41A-5549797B0BB6}.Release|x86.ActiveCfg = Release|Any CPU
		{85F90361-2B8F-4F07-B41A-5549797B0BB6}.Release|x86.Build.0 = Release|Any CPU
		{C3642563-DC8D-4200-A399-1F5B1B2A298E}.AutomatedDebug|Any CPU.ActiveCfg = Debug|Any CPU
		{C3642563-DC8D-4200-A399-1F5B1B2A298E}.AutomatedDebug|Any CPU.Build.0 = Debug|Any CPU
		{C3642563-DC8D-4200-A399-1F5B1B2A298E}.AutomatedDebug|Mixed Platforms.ActiveCfg = Debug|Any CPU
		{C3642563-DC8D-4200-A399-1F5B1B2A298E}.AutomatedDebug|Mixed Platforms.Build.0 = Debug|Any CPU
		{C3642563-DC8D-4200-A399-1F5B1B2A298E}.AutomatedDebug|x86.ActiveCfg = Debug|Any CPU
		{C3642563-DC8D-4200-A399-1F5B1B2A298E}.Configuration|Any CPU.ActiveCfg = Release|Any CPU
		{C3642563-DC8D-4200-A399-1F5B1B2A298E}.Configuration|Any CPU.Build.0 = Release|Any CPU
		{C3642563-DC8D-4200-A399-1F5B1B2A298E}.Configuration|Mixed Platforms.ActiveCfg = Release|Any CPU
		{C3642563-DC8D-4200-A399-1F5B1B2A298E}.Configuration|Mixed Platforms.Build.0 = Release|Any CPU
		{C3642563-DC8D-4200-A399-1F5B1B2A298E}.Configuration|x86.ActiveCfg = Release|Any CPU
		{C3642563-DC8D-4200-A399-1F5B1B2A298E}.Debug (.Net 2.0)|Any CPU.ActiveCfg = Debug|Any CPU
		{C3642563-DC8D-4200-A399-1F5B1B2A298E}.Debug (.Net 2.0)|Any CPU.Build.0 = Debug|Any CPU
		{C3642563-DC8D-4200-A399-1F5B1B2A298E}.Debug (.Net 2.0)|Mixed Platforms.ActiveCfg = Debug|Any CPU
		{C3642563-DC8D-4200-A399-1F5B1B2A298E}.Debug (.Net 2.0)|Mixed Platforms.Build.0 = Debug|Any CPU
		{C3642563-DC8D-4200-A399-1F5B1B2A298E}.Debug (.Net 2.0)|x86.ActiveCfg = Debug|Any CPU
		{C3642563-DC8D-4200-A399-1F5B1B2A298E}.Debug (.Net 3.5)|Any CPU.ActiveCfg = Debug|Any CPU
		{C3642563-DC8D-4200-A399-1F5B1B2A298E}.Debug (.Net 3.5)|Any CPU.Build.0 = Debug|Any CPU
		{C3642563-DC8D-4200-A399-1F5B1B2A298E}.Debug (.Net 3.5)|Mixed Platforms.ActiveCfg = Debug|Any CPU
		{C3642563-DC8D-4200-A399-1F5B1B2A298E}.Debug (.Net 3.5)|Mixed Platforms.Build.0 = Debug|Any CPU
		{C3642563-DC8D-4200-A399-1F5B1B2A298E}.Debug (.Net 3.5)|x86.ActiveCfg = Debug|Any CPU
		{C3642563-DC8D-4200-A399-1F5B1B2A298E}.Debug (.Net 4.0)|Any CPU.ActiveCfg = Debug|Any CPU
		{C3642563-DC8D-4200-A399-1F5B1B2A298E}.Debug (.Net 4.0)|Any CPU.Build.0 = Debug|Any CPU
		{C3642563-DC8D-4200-A399-1F5B1B2A298E}.Debug (.Net 4.0)|Mixed Platforms.ActiveCfg = Debug|Any CPU
		{C3642563-DC8D-4200-A399-1F5B1B2A298E}.Debug (.Net 4.0)|Mixed Platforms.Build.0 = Debug|Any CPU
		{C3642563-DC8D-4200-A399-1F5B1B2A298E}.Debug (.Net 4.0)|x86.ActiveCfg = Debug|Any CPU
		{C3642563-DC8D-4200-A399-1F5B1B2A298E}.Debug|Any CPU.ActiveCfg = Debug|Any CPU
		{C3642563-DC8D-4200-A399-1F5B1B2A298E}.Debug|Any CPU.Build.0 = Debug|Any CPU
		{C3642563-DC8D-4200-A399-1F5B1B2A298E}.Debug|Mixed Platforms.ActiveCfg = Debug|Any CPU
		{C3642563-DC8D-4200-A399-1F5B1B2A298E}.Debug|Mixed Platforms.Build.0 = Debug|Any CPU
		{C3642563-DC8D-4200-A399-1F5B1B2A298E}.Debug|x86.ActiveCfg = Debug|Any CPU
		{C3642563-DC8D-4200-A399-1F5B1B2A298E}.NET40-Debug|Any CPU.ActiveCfg = Debug|Any CPU
		{C3642563-DC8D-4200-A399-1F5B1B2A298E}.NET40-Debug|Any CPU.Build.0 = Debug|Any CPU
		{C3642563-DC8D-4200-A399-1F5B1B2A298E}.NET40-Debug|Mixed Platforms.ActiveCfg = Debug|Any CPU
		{C3642563-DC8D-4200-A399-1F5B1B2A298E}.NET40-Debug|Mixed Platforms.Build.0 = Debug|Any CPU
		{C3642563-DC8D-4200-A399-1F5B1B2A298E}.NET40-Debug|x86.ActiveCfg = Debug|Any CPU
		{C3642563-DC8D-4200-A399-1F5B1B2A298E}.NET40-Release|Any CPU.ActiveCfg = Release|Any CPU
		{C3642563-DC8D-4200-A399-1F5B1B2A298E}.NET40-Release|Any CPU.Build.0 = Release|Any CPU
		{C3642563-DC8D-4200-A399-1F5B1B2A298E}.NET40-Release|Mixed Platforms.ActiveCfg = Release|Any CPU
		{C3642563-DC8D-4200-A399-1F5B1B2A298E}.NET40-Release|Mixed Platforms.Build.0 = Release|Any CPU
		{C3642563-DC8D-4200-A399-1F5B1B2A298E}.NET40-Release|x86.ActiveCfg = Release|Any CPU
		{C3642563-DC8D-4200-A399-1F5B1B2A298E}.Release (.Net 2.0)|Any CPU.ActiveCfg = Release|Any CPU
		{C3642563-DC8D-4200-A399-1F5B1B2A298E}.Release (.Net 2.0)|Any CPU.Build.0 = Release|Any CPU
		{C3642563-DC8D-4200-A399-1F5B1B2A298E}.Release (.Net 2.0)|Mixed Platforms.ActiveCfg = Release|Any CPU
		{C3642563-DC8D-4200-A399-1F5B1B2A298E}.Release (.Net 2.0)|Mixed Platforms.Build.0 = Release|Any CPU
		{C3642563-DC8D-4200-A399-1F5B1B2A298E}.Release (.Net 2.0)|x86.ActiveCfg = Release|Any CPU
		{C3642563-DC8D-4200-A399-1F5B1B2A298E}.Release (.Net 3.5)|Any CPU.ActiveCfg = Release|Any CPU
		{C3642563-DC8D-4200-A399-1F5B1B2A298E}.Release (.Net 3.5)|Any CPU.Build.0 = Release|Any CPU
		{C3642563-DC8D-4200-A399-1F5B1B2A298E}.Release (.Net 3.5)|Mixed Platforms.ActiveCfg = Release|Any CPU
		{C3642563-DC8D-4200-A399-1F5B1B2A298E}.Release (.Net 3.5)|Mixed Platforms.Build.0 = Release|Any CPU
		{C3642563-DC8D-4200-A399-1F5B1B2A298E}.Release (.Net 3.5)|x86.ActiveCfg = Release|Any CPU
		{C3642563-DC8D-4200-A399-1F5B1B2A298E}.Release (.Net 4.0)|Any CPU.ActiveCfg = Release|Any CPU
		{C3642563-DC8D-4200-A399-1F5B1B2A298E}.Release (.Net 4.0)|Any CPU.Build.0 = Release|Any CPU
		{C3642563-DC8D-4200-A399-1F5B1B2A298E}.Release (.Net 4.0)|Mixed Platforms.ActiveCfg = Release|Any CPU
		{C3642563-DC8D-4200-A399-1F5B1B2A298E}.Release (.Net 4.0)|Mixed Platforms.Build.0 = Release|Any CPU
		{C3642563-DC8D-4200-A399-1F5B1B2A298E}.Release (.Net 4.0)|x86.ActiveCfg = Release|Any CPU
		{C3642563-DC8D-4200-A399-1F5B1B2A298E}.Release|Any CPU.ActiveCfg = Release|Any CPU
		{C3642563-DC8D-4200-A399-1F5B1B2A298E}.Release|Any CPU.Build.0 = Release|Any CPU
		{C3642563-DC8D-4200-A399-1F5B1B2A298E}.Release|Mixed Platforms.ActiveCfg = Release|Any CPU
		{C3642563-DC8D-4200-A399-1F5B1B2A298E}.Release|Mixed Platforms.Build.0 = Release|Any CPU
		{C3642563-DC8D-4200-A399-1F5B1B2A298E}.Release|x86.ActiveCfg = Release|Any CPU
		{C3642563-DC8D-4200-A399-1F5B1B2A298E}.Release|x86.Build.0 = Release|Any CPU
		{9CFDEA39-275B-4245-BDE7-D96FD28D7EE4}.AutomatedDebug|Any CPU.ActiveCfg = Debug|Any CPU
		{9CFDEA39-275B-4245-BDE7-D96FD28D7EE4}.AutomatedDebug|Any CPU.Build.0 = Debug|Any CPU
		{9CFDEA39-275B-4245-BDE7-D96FD28D7EE4}.AutomatedDebug|Mixed Platforms.ActiveCfg = Debug|Any CPU
		{9CFDEA39-275B-4245-BDE7-D96FD28D7EE4}.AutomatedDebug|Mixed Platforms.Build.0 = Debug|Any CPU
		{9CFDEA39-275B-4245-BDE7-D96FD28D7EE4}.AutomatedDebug|x86.ActiveCfg = Debug|Any CPU
		{9CFDEA39-275B-4245-BDE7-D96FD28D7EE4}.Configuration|Any CPU.ActiveCfg = Release|Any CPU
		{9CFDEA39-275B-4245-BDE7-D96FD28D7EE4}.Configuration|Any CPU.Build.0 = Release|Any CPU
		{9CFDEA39-275B-4245-BDE7-D96FD28D7EE4}.Configuration|Mixed Platforms.ActiveCfg = Release|Any CPU
		{9CFDEA39-275B-4245-BDE7-D96FD28D7EE4}.Configuration|Mixed Platforms.Build.0 = Release|Any CPU
		{9CFDEA39-275B-4245-BDE7-D96FD28D7EE4}.Configuration|x86.ActiveCfg = Release|Any CPU
		{9CFDEA39-275B-4245-BDE7-D96FD28D7EE4}.Debug (.Net 2.0)|Any CPU.ActiveCfg = Debug|Any CPU
		{9CFDEA39-275B-4245-BDE7-D96FD28D7EE4}.Debug (.Net 2.0)|Any CPU.Build.0 = Debug|Any CPU
		{9CFDEA39-275B-4245-BDE7-D96FD28D7EE4}.Debug (.Net 2.0)|Mixed Platforms.ActiveCfg = Debug|Any CPU
		{9CFDEA39-275B-4245-BDE7-D96FD28D7EE4}.Debug (.Net 2.0)|Mixed Platforms.Build.0 = Debug|Any CPU
		{9CFDEA39-275B-4245-BDE7-D96FD28D7EE4}.Debug (.Net 2.0)|x86.ActiveCfg = Debug|Any CPU
		{9CFDEA39-275B-4245-BDE7-D96FD28D7EE4}.Debug (.Net 3.5)|Any CPU.ActiveCfg = Debug|Any CPU
		{9CFDEA39-275B-4245-BDE7-D96FD28D7EE4}.Debug (.Net 3.5)|Any CPU.Build.0 = Debug|Any CPU
		{9CFDEA39-275B-4245-BDE7-D96FD28D7EE4}.Debug (.Net 3.5)|Mixed Platforms.ActiveCfg = Debug|Any CPU
		{9CFDEA39-275B-4245-BDE7-D96FD28D7EE4}.Debug (.Net 3.5)|Mixed Platforms.Build.0 = Debug|Any CPU
		{9CFDEA39-275B-4245-BDE7-D96FD28D7EE4}.Debug (.Net 3.5)|x86.ActiveCfg = Debug|Any CPU
		{9CFDEA39-275B-4245-BDE7-D96FD28D7EE4}.Debug (.Net 4.0)|Any CPU.ActiveCfg = Debug|Any CPU
		{9CFDEA39-275B-4245-BDE7-D96FD28D7EE4}.Debug (.Net 4.0)|Any CPU.Build.0 = Debug|Any CPU
		{9CFDEA39-275B-4245-BDE7-D96FD28D7EE4}.Debug (.Net 4.0)|Mixed Platforms.ActiveCfg = Debug|Any CPU
		{9CFDEA39-275B-4245-BDE7-D96FD28D7EE4}.Debug (.Net 4.0)|Mixed Platforms.Build.0 = Debug|Any CPU
		{9CFDEA39-275B-4245-BDE7-D96FD28D7EE4}.Debug (.Net 4.0)|x86.ActiveCfg = Debug|Any CPU
		{9CFDEA39-275B-4245-BDE7-D96FD28D7EE4}.Debug|Any CPU.ActiveCfg = Debug|Any CPU
		{9CFDEA39-275B-4245-BDE7-D96FD28D7EE4}.Debug|Any CPU.Build.0 = Debug|Any CPU
		{9CFDEA39-275B-4245-BDE7-D96FD28D7EE4}.Debug|Mixed Platforms.ActiveCfg = Debug|Any CPU
		{9CFDEA39-275B-4245-BDE7-D96FD28D7EE4}.Debug|Mixed Platforms.Build.0 = Debug|Any CPU
		{9CFDEA39-275B-4245-BDE7-D96FD28D7EE4}.Debug|x86.ActiveCfg = Debug|Any CPU
		{9CFDEA39-275B-4245-BDE7-D96FD28D7EE4}.NET40-Debug|Any CPU.ActiveCfg = Debug|Any CPU
		{9CFDEA39-275B-4245-BDE7-D96FD28D7EE4}.NET40-Debug|Any CPU.Build.0 = Debug|Any CPU
		{9CFDEA39-275B-4245-BDE7-D96FD28D7EE4}.NET40-Debug|Mixed Platforms.ActiveCfg = Debug|Any CPU
		{9CFDEA39-275B-4245-BDE7-D96FD28D7EE4}.NET40-Debug|Mixed Platforms.Build.0 = Debug|Any CPU
		{9CFDEA39-275B-4245-BDE7-D96FD28D7EE4}.NET40-Debug|x86.ActiveCfg = Debug|Any CPU
		{9CFDEA39-275B-4245-BDE7-D96FD28D7EE4}.NET40-Release|Any CPU.ActiveCfg = Release|Any CPU
		{9CFDEA39-275B-4245-BDE7-D96FD28D7EE4}.NET40-Release|Any CPU.Build.0 = Release|Any CPU
		{9CFDEA39-275B-4245-BDE7-D96FD28D7EE4}.NET40-Release|Mixed Platforms.ActiveCfg = Release|Any CPU
		{9CFDEA39-275B-4245-BDE7-D96FD28D7EE4}.NET40-Release|Mixed Platforms.Build.0 = Release|Any CPU
		{9CFDEA39-275B-4245-BDE7-D96FD28D7EE4}.NET40-Release|x86.ActiveCfg = Release|Any CPU
		{9CFDEA39-275B-4245-BDE7-D96FD28D7EE4}.Release (.Net 2.0)|Any CPU.ActiveCfg = Release|Any CPU
		{9CFDEA39-275B-4245-BDE7-D96FD28D7EE4}.Release (.Net 2.0)|Any CPU.Build.0 = Release|Any CPU
		{9CFDEA39-275B-4245-BDE7-D96FD28D7EE4}.Release (.Net 2.0)|Mixed Platforms.ActiveCfg = Release|Any CPU
		{9CFDEA39-275B-4245-BDE7-D96FD28D7EE4}.Release (.Net 2.0)|Mixed Platforms.Build.0 = Release|Any CPU
		{9CFDEA39-275B-4245-BDE7-D96FD28D7EE4}.Release (.Net 2.0)|x86.ActiveCfg = Release|Any CPU
		{9CFDEA39-275B-4245-BDE7-D96FD28D7EE4}.Release (.Net 3.5)|Any CPU.ActiveCfg = Release|Any CPU
		{9CFDEA39-275B-4245-BDE7-D96FD28D7EE4}.Release (.Net 3.5)|Any CPU.Build.0 = Release|Any CPU
		{9CFDEA39-275B-4245-BDE7-D96FD28D7EE4}.Release (.Net 3.5)|Mixed Platforms.ActiveCfg = Release|Any CPU
		{9CFDEA39-275B-4245-BDE7-D96FD28D7EE4}.Release (.Net 3.5)|Mixed Platforms.Build.0 = Release|Any CPU
		{9CFDEA39-275B-4245-BDE7-D96FD28D7EE4}.Release (.Net 3.5)|x86.ActiveCfg = Release|Any CPU
		{9CFDEA39-275B-4245-BDE7-D96FD28D7EE4}.Release (.Net 4.0)|Any CPU.ActiveCfg = Release|Any CPU
		{9CFDEA39-275B-4245-BDE7-D96FD28D7EE4}.Release (.Net 4.0)|Any CPU.Build.0 = Release|Any CPU
		{9CFDEA39-275B-4245-BDE7-D96FD28D7EE4}.Release (.Net 4.0)|Mixed Platforms.ActiveCfg = Release|Any CPU
		{9CFDEA39-275B-4245-BDE7-D96FD28D7EE4}.Release (.Net 4.0)|Mixed Platforms.Build.0 = Release|Any CPU
		{9CFDEA39-275B-4245-BDE7-D96FD28D7EE4}.Release (.Net 4.0)|x86.ActiveCfg = Release|Any CPU
		{9CFDEA39-275B-4245-BDE7-D96FD28D7EE4}.Release|Any CPU.ActiveCfg = Release|Any CPU
		{9CFDEA39-275B-4245-BDE7-D96FD28D7EE4}.Release|Any CPU.Build.0 = Release|Any CPU
		{9CFDEA39-275B-4245-BDE7-D96FD28D7EE4}.Release|Mixed Platforms.ActiveCfg = Release|Any CPU
		{9CFDEA39-275B-4245-BDE7-D96FD28D7EE4}.Release|Mixed Platforms.Build.0 = Release|Any CPU
		{9CFDEA39-275B-4245-BDE7-D96FD28D7EE4}.Release|x86.ActiveCfg = Release|Any CPU
		{9CFDEA39-275B-4245-BDE7-D96FD28D7EE4}.Release|x86.Build.0 = Release|Any CPU
		{E6002FD6-8506-4FC5-954D-9DB4202573BE}.AutomatedDebug|Any CPU.ActiveCfg = Debug|Any CPU
		{E6002FD6-8506-4FC5-954D-9DB4202573BE}.AutomatedDebug|Any CPU.Build.0 = Debug|Any CPU
		{E6002FD6-8506-4FC5-954D-9DB4202573BE}.AutomatedDebug|Mixed Platforms.ActiveCfg = Debug|Any CPU
		{E6002FD6-8506-4FC5-954D-9DB4202573BE}.AutomatedDebug|Mixed Platforms.Build.0 = Debug|Any CPU
		{E6002FD6-8506-4FC5-954D-9DB4202573BE}.AutomatedDebug|x86.ActiveCfg = Debug|Any CPU
		{E6002FD6-8506-4FC5-954D-9DB4202573BE}.Configuration|Any CPU.ActiveCfg = Release|Any CPU
		{E6002FD6-8506-4FC5-954D-9DB4202573BE}.Configuration|Any CPU.Build.0 = Release|Any CPU
		{E6002FD6-8506-4FC5-954D-9DB4202573BE}.Configuration|Mixed Platforms.ActiveCfg = Release|Any CPU
		{E6002FD6-8506-4FC5-954D-9DB4202573BE}.Configuration|Mixed Platforms.Build.0 = Release|Any CPU
		{E6002FD6-8506-4FC5-954D-9DB4202573BE}.Configuration|x86.ActiveCfg = Release|Any CPU
		{E6002FD6-8506-4FC5-954D-9DB4202573BE}.Debug (.Net 2.0)|Any CPU.ActiveCfg = Debug|Any CPU
		{E6002FD6-8506-4FC5-954D-9DB4202573BE}.Debug (.Net 2.0)|Any CPU.Build.0 = Debug|Any CPU
		{E6002FD6-8506-4FC5-954D-9DB4202573BE}.Debug (.Net 2.0)|Mixed Platforms.ActiveCfg = Debug|Any CPU
		{E6002FD6-8506-4FC5-954D-9DB4202573BE}.Debug (.Net 2.0)|Mixed Platforms.Build.0 = Debug|Any CPU
		{E6002FD6-8506-4FC5-954D-9DB4202573BE}.Debug (.Net 2.0)|x86.ActiveCfg = Debug|Any CPU
		{E6002FD6-8506-4FC5-954D-9DB4202573BE}.Debug (.Net 3.5)|Any CPU.ActiveCfg = Debug|Any CPU
		{E6002FD6-8506-4FC5-954D-9DB4202573BE}.Debug (.Net 3.5)|Any CPU.Build.0 = Debug|Any CPU
		{E6002FD6-8506-4FC5-954D-9DB4202573BE}.Debug (.Net 3.5)|Mixed Platforms.ActiveCfg = Debug|Any CPU
		{E6002FD6-8506-4FC5-954D-9DB4202573BE}.Debug (.Net 3.5)|Mixed Platforms.Build.0 = Debug|Any CPU
		{E6002FD6-8506-4FC5-954D-9DB4202573BE}.Debug (.Net 3.5)|x86.ActiveCfg = Debug|Any CPU
		{E6002FD6-8506-4FC5-954D-9DB4202573BE}.Debug (.Net 4.0)|Any CPU.ActiveCfg = Debug|Any CPU
		{E6002FD6-8506-4FC5-954D-9DB4202573BE}.Debug (.Net 4.0)|Any CPU.Build.0 = Debug|Any CPU
		{E6002FD6-8506-4FC5-954D-9DB4202573BE}.Debug (.Net 4.0)|Mixed Platforms.ActiveCfg = Debug|Any CPU
		{E6002FD6-8506-4FC5-954D-9DB4202573BE}.Debug (.Net 4.0)|Mixed Platforms.Build.0 = Debug|Any CPU
		{E6002FD6-8506-4FC5-954D-9DB4202573BE}.Debug (.Net 4.0)|x86.ActiveCfg = Debug|Any CPU
		{E6002FD6-8506-4FC5-954D-9DB4202573BE}.Debug|Any CPU.ActiveCfg = Debug|Any CPU
		{E6002FD6-8506-4FC5-954D-9DB4202573BE}.Debug|Any CPU.Build.0 = Debug|Any CPU
		{E6002FD6-8506-4FC5-954D-9DB4202573BE}.Debug|Mixed Platforms.ActiveCfg = Debug|Any CPU
		{E6002FD6-8506-4FC5-954D-9DB4202573BE}.Debug|Mixed Platforms.Build.0 = Debug|Any CPU
		{E6002FD6-8506-4FC5-954D-9DB4202573BE}.Debug|x86.ActiveCfg = Debug|Any CPU
		{E6002FD6-8506-4FC5-954D-9DB4202573BE}.NET40-Debug|Any CPU.ActiveCfg = Debug|Any CPU
		{E6002FD6-8506-4FC5-954D-9DB4202573BE}.NET40-Debug|Any CPU.Build.0 = Debug|Any CPU
		{E6002FD6-8506-4FC5-954D-9DB4202573BE}.NET40-Debug|Mixed Platforms.ActiveCfg = Debug|Any CPU
		{E6002FD6-8506-4FC5-954D-9DB4202573BE}.NET40-Debug|Mixed Platforms.Build.0 = Debug|Any CPU
		{E6002FD6-8506-4FC5-954D-9DB4202573BE}.NET40-Debug|x86.ActiveCfg = Debug|Any CPU
		{E6002FD6-8506-4FC5-954D-9DB4202573BE}.NET40-Release|Any CPU.ActiveCfg = Release|Any CPU
		{E6002FD6-8506-4FC5-954D-9DB4202573BE}.NET40-Release|Any CPU.Build.0 = Release|Any CPU
		{E6002FD6-8506-4FC5-954D-9DB4202573BE}.NET40-Release|Mixed Platforms.ActiveCfg = Release|Any CPU
		{E6002FD6-8506-4FC5-954D-9DB4202573BE}.NET40-Release|Mixed Platforms.Build.0 = Release|Any CPU
		{E6002FD6-8506-4FC5-954D-9DB4202573BE}.NET40-Release|x86.ActiveCfg = Release|Any CPU
		{E6002FD6-8506-4FC5-954D-9DB4202573BE}.Release (.Net 2.0)|Any CPU.ActiveCfg = Release|Any CPU
		{E6002FD6-8506-4FC5-954D-9DB4202573BE}.Release (.Net 2.0)|Any CPU.Build.0 = Release|Any CPU
		{E6002FD6-8506-4FC5-954D-9DB4202573BE}.Release (.Net 2.0)|Mixed Platforms.ActiveCfg = Release|Any CPU
		{E6002FD6-8506-4FC5-954D-9DB4202573BE}.Release (.Net 2.0)|Mixed Platforms.Build.0 = Release|Any CPU
		{E6002FD6-8506-4FC5-954D-9DB4202573BE}.Release (.Net 2.0)|x86.ActiveCfg = Release|Any CPU
		{E6002FD6-8506-4FC5-954D-9DB4202573BE}.Release (.Net 3.5)|Any CPU.ActiveCfg = Release|Any CPU
		{E6002FD6-8506-4FC5-954D-9DB4202573BE}.Release (.Net 3.5)|Any CPU.Build.0 = Release|Any CPU
		{E6002FD6-8506-4FC5-954D-9DB4202573BE}.Release (.Net 3.5)|Mixed Platforms.ActiveCfg = Release|Any CPU
		{E6002FD6-8506-4FC5-954D-9DB4202573BE}.Release (.Net 3.5)|Mixed Platforms.Build.0 = Release|Any CPU
		{E6002FD6-8506-4FC5-954D-9DB4202573BE}.Release (.Net 3.5)|x86.ActiveCfg = Release|Any CPU
		{E6002FD6-8506-4FC5-954D-9DB4202573BE}.Release (.Net 4.0)|Any CPU.ActiveCfg = Release|Any CPU
		{E6002FD6-8506-4FC5-954D-9DB4202573BE}.Release (.Net 4.0)|Any CPU.Build.0 = Release|Any CPU
		{E6002FD6-8506-4FC5-954D-9DB4202573BE}.Release (.Net 4.0)|Mixed Platforms.ActiveCfg = Release|Any CPU
		{E6002FD6-8506-4FC5-954D-9DB4202573BE}.Release (.Net 4.0)|Mixed Platforms.Build.0 = Release|Any CPU
		{E6002FD6-8506-4FC5-954D-9DB4202573BE}.Release (.Net 4.0)|x86.ActiveCfg = Release|Any CPU
		{E6002FD6-8506-4FC5-954D-9DB4202573BE}.Release|Any CPU.ActiveCfg = Release|Any CPU
		{E6002FD6-8506-4FC5-954D-9DB4202573BE}.Release|Any CPU.Build.0 = Release|Any CPU
		{E6002FD6-8506-4FC5-954D-9DB4202573BE}.Release|Mixed Platforms.ActiveCfg = Release|Any CPU
		{E6002FD6-8506-4FC5-954D-9DB4202573BE}.Release|Mixed Platforms.Build.0 = Release|Any CPU
		{E6002FD6-8506-4FC5-954D-9DB4202573BE}.Release|x86.ActiveCfg = Release|Any CPU
		{E6002FD6-8506-4FC5-954D-9DB4202573BE}.Release|x86.Build.0 = Release|Any CPU
		{57C9613C-AE7D-4B0E-B641-6E1D0FE9E5FA}.AutomatedDebug|Any CPU.ActiveCfg = Debug|Any CPU
		{57C9613C-AE7D-4B0E-B641-6E1D0FE9E5FA}.AutomatedDebug|Any CPU.Build.0 = Debug|Any CPU
		{57C9613C-AE7D-4B0E-B641-6E1D0FE9E5FA}.AutomatedDebug|Mixed Platforms.ActiveCfg = Debug|x86
		{57C9613C-AE7D-4B0E-B641-6E1D0FE9E5FA}.AutomatedDebug|Mixed Platforms.Build.0 = Debug|x86
		{57C9613C-AE7D-4B0E-B641-6E1D0FE9E5FA}.AutomatedDebug|x86.ActiveCfg = Debug|x86
		{57C9613C-AE7D-4B0E-B641-6E1D0FE9E5FA}.AutomatedDebug|x86.Build.0 = Debug|x86
		{57C9613C-AE7D-4B0E-B641-6E1D0FE9E5FA}.Configuration|Any CPU.ActiveCfg = Release|x86
		{57C9613C-AE7D-4B0E-B641-6E1D0FE9E5FA}.Configuration|Mixed Platforms.ActiveCfg = Release|x86
		{57C9613C-AE7D-4B0E-B641-6E1D0FE9E5FA}.Configuration|Mixed Platforms.Build.0 = Release|x86
		{57C9613C-AE7D-4B0E-B641-6E1D0FE9E5FA}.Configuration|x86.ActiveCfg = Release|x86
		{57C9613C-AE7D-4B0E-B641-6E1D0FE9E5FA}.Configuration|x86.Build.0 = Release|x86
		{57C9613C-AE7D-4B0E-B641-6E1D0FE9E5FA}.Debug (.Net 2.0)|Any CPU.ActiveCfg = Debug|x86
		{57C9613C-AE7D-4B0E-B641-6E1D0FE9E5FA}.Debug (.Net 2.0)|Mixed Platforms.ActiveCfg = Debug|x86
		{57C9613C-AE7D-4B0E-B641-6E1D0FE9E5FA}.Debug (.Net 2.0)|Mixed Platforms.Build.0 = Debug|x86
		{57C9613C-AE7D-4B0E-B641-6E1D0FE9E5FA}.Debug (.Net 2.0)|x86.ActiveCfg = Debug|x86
		{57C9613C-AE7D-4B0E-B641-6E1D0FE9E5FA}.Debug (.Net 2.0)|x86.Build.0 = Debug|x86
		{57C9613C-AE7D-4B0E-B641-6E1D0FE9E5FA}.Debug (.Net 3.5)|Any CPU.ActiveCfg = Debug|x86
		{57C9613C-AE7D-4B0E-B641-6E1D0FE9E5FA}.Debug (.Net 3.5)|Mixed Platforms.ActiveCfg = Debug|x86
		{57C9613C-AE7D-4B0E-B641-6E1D0FE9E5FA}.Debug (.Net 3.5)|Mixed Platforms.Build.0 = Debug|x86
		{57C9613C-AE7D-4B0E-B641-6E1D0FE9E5FA}.Debug (.Net 3.5)|x86.ActiveCfg = Debug|x86
		{57C9613C-AE7D-4B0E-B641-6E1D0FE9E5FA}.Debug (.Net 3.5)|x86.Build.0 = Debug|x86
		{57C9613C-AE7D-4B0E-B641-6E1D0FE9E5FA}.Debug (.Net 4.0)|Any CPU.ActiveCfg = Debug|Any CPU
		{57C9613C-AE7D-4B0E-B641-6E1D0FE9E5FA}.Debug (.Net 4.0)|Any CPU.Build.0 = Debug|Any CPU
		{57C9613C-AE7D-4B0E-B641-6E1D0FE9E5FA}.Debug (.Net 4.0)|Mixed Platforms.ActiveCfg = Debug|x86
		{57C9613C-AE7D-4B0E-B641-6E1D0FE9E5FA}.Debug (.Net 4.0)|Mixed Platforms.Build.0 = Debug|x86
		{57C9613C-AE7D-4B0E-B641-6E1D0FE9E5FA}.Debug (.Net 4.0)|x86.ActiveCfg = Debug|x86
		{57C9613C-AE7D-4B0E-B641-6E1D0FE9E5FA}.Debug (.Net 4.0)|x86.Build.0 = Debug|x86
		{57C9613C-AE7D-4B0E-B641-6E1D0FE9E5FA}.Debug|Any CPU.ActiveCfg = Debug|Any CPU
		{57C9613C-AE7D-4B0E-B641-6E1D0FE9E5FA}.Debug|Any CPU.Build.0 = Debug|Any CPU
		{57C9613C-AE7D-4B0E-B641-6E1D0FE9E5FA}.Debug|Mixed Platforms.ActiveCfg = Debug|Any CPU
		{57C9613C-AE7D-4B0E-B641-6E1D0FE9E5FA}.Debug|Mixed Platforms.Build.0 = Debug|Any CPU
		{57C9613C-AE7D-4B0E-B641-6E1D0FE9E5FA}.Debug|x86.ActiveCfg = Debug|x86
		{57C9613C-AE7D-4B0E-B641-6E1D0FE9E5FA}.Debug|x86.Build.0 = Debug|x86
		{57C9613C-AE7D-4B0E-B641-6E1D0FE9E5FA}.NET40-Debug|Any CPU.ActiveCfg = Debug|Any CPU
		{57C9613C-AE7D-4B0E-B641-6E1D0FE9E5FA}.NET40-Debug|Any CPU.Build.0 = Debug|Any CPU
		{57C9613C-AE7D-4B0E-B641-6E1D0FE9E5FA}.NET40-Debug|Mixed Platforms.ActiveCfg = Debug|x86
		{57C9613C-AE7D-4B0E-B641-6E1D0FE9E5FA}.NET40-Debug|Mixed Platforms.Build.0 = Debug|x86
		{57C9613C-AE7D-4B0E-B641-6E1D0FE9E5FA}.NET40-Debug|x86.ActiveCfg = Debug|x86
		{57C9613C-AE7D-4B0E-B641-6E1D0FE9E5FA}.NET40-Debug|x86.Build.0 = Debug|x86
		{57C9613C-AE7D-4B0E-B641-6E1D0FE9E5FA}.NET40-Release|Any CPU.ActiveCfg = Release|Any CPU
		{57C9613C-AE7D-4B0E-B641-6E1D0FE9E5FA}.NET40-Release|Any CPU.Build.0 = Release|Any CPU
		{57C9613C-AE7D-4B0E-B641-6E1D0FE9E5FA}.NET40-Release|Mixed Platforms.ActiveCfg = Release|Any CPU
		{57C9613C-AE7D-4B0E-B641-6E1D0FE9E5FA}.NET40-Release|Mixed Platforms.Build.0 = Release|Any CPU
		{57C9613C-AE7D-4B0E-B641-6E1D0FE9E5FA}.NET40-Release|x86.ActiveCfg = Release|x86
		{57C9613C-AE7D-4B0E-B641-6E1D0FE9E5FA}.NET40-Release|x86.Build.0 = Release|x86
		{57C9613C-AE7D-4B0E-B641-6E1D0FE9E5FA}.Release (.Net 2.0)|Any CPU.ActiveCfg = Release|x86
		{57C9613C-AE7D-4B0E-B641-6E1D0FE9E5FA}.Release (.Net 2.0)|Mixed Platforms.ActiveCfg = Release|x86
		{57C9613C-AE7D-4B0E-B641-6E1D0FE9E5FA}.Release (.Net 2.0)|Mixed Platforms.Build.0 = Release|x86
		{57C9613C-AE7D-4B0E-B641-6E1D0FE9E5FA}.Release (.Net 2.0)|x86.ActiveCfg = Release|x86
		{57C9613C-AE7D-4B0E-B641-6E1D0FE9E5FA}.Release (.Net 2.0)|x86.Build.0 = Release|x86
		{57C9613C-AE7D-4B0E-B641-6E1D0FE9E5FA}.Release (.Net 3.5)|Any CPU.ActiveCfg = Release|x86
		{57C9613C-AE7D-4B0E-B641-6E1D0FE9E5FA}.Release (.Net 3.5)|Mixed Platforms.ActiveCfg = Release|x86
		{57C9613C-AE7D-4B0E-B641-6E1D0FE9E5FA}.Release (.Net 3.5)|Mixed Platforms.Build.0 = Release|x86
		{57C9613C-AE7D-4B0E-B641-6E1D0FE9E5FA}.Release (.Net 3.5)|x86.ActiveCfg = Release|x86
		{57C9613C-AE7D-4B0E-B641-6E1D0FE9E5FA}.Release (.Net 3.5)|x86.Build.0 = Release|x86
		{57C9613C-AE7D-4B0E-B641-6E1D0FE9E5FA}.Release (.Net 4.0)|Any CPU.ActiveCfg = Release|Any CPU
		{57C9613C-AE7D-4B0E-B641-6E1D0FE9E5FA}.Release (.Net 4.0)|Any CPU.Build.0 = Release|Any CPU
		{57C9613C-AE7D-4B0E-B641-6E1D0FE9E5FA}.Release (.Net 4.0)|Mixed Platforms.ActiveCfg = Release|Any CPU
		{57C9613C-AE7D-4B0E-B641-6E1D0FE9E5FA}.Release (.Net 4.0)|Mixed Platforms.Build.0 = Release|Any CPU
		{57C9613C-AE7D-4B0E-B641-6E1D0FE9E5FA}.Release (.Net 4.0)|x86.ActiveCfg = Release|x86
		{57C9613C-AE7D-4B0E-B641-6E1D0FE9E5FA}.Release (.Net 4.0)|x86.Build.0 = Release|x86
		{57C9613C-AE7D-4B0E-B641-6E1D0FE9E5FA}.Release|Any CPU.ActiveCfg = Release|Any CPU
		{57C9613C-AE7D-4B0E-B641-6E1D0FE9E5FA}.Release|Any CPU.Build.0 = Release|Any CPU
		{57C9613C-AE7D-4B0E-B641-6E1D0FE9E5FA}.Release|Mixed Platforms.ActiveCfg = Release|Any CPU
		{57C9613C-AE7D-4B0E-B641-6E1D0FE9E5FA}.Release|Mixed Platforms.Build.0 = Release|Any CPU
		{57C9613C-AE7D-4B0E-B641-6E1D0FE9E5FA}.Release|x86.ActiveCfg = Release|Any CPU
		{57C9613C-AE7D-4B0E-B641-6E1D0FE9E5FA}.Release|x86.Build.0 = Release|Any CPU
		{6C27FE0B-C51F-43B2-8E52-B0345341CA8B}.AutomatedDebug|Any CPU.ActiveCfg = Debug|Any CPU
		{6C27FE0B-C51F-43B2-8E52-B0345341CA8B}.AutomatedDebug|Any CPU.Build.0 = Debug|Any CPU
		{6C27FE0B-C51F-43B2-8E52-B0345341CA8B}.AutomatedDebug|Mixed Platforms.ActiveCfg = Debug|Any CPU
		{6C27FE0B-C51F-43B2-8E52-B0345341CA8B}.AutomatedDebug|Mixed Platforms.Build.0 = Debug|Any CPU
		{6C27FE0B-C51F-43B2-8E52-B0345341CA8B}.AutomatedDebug|x86.ActiveCfg = Debug|Any CPU
		{6C27FE0B-C51F-43B2-8E52-B0345341CA8B}.Configuration|Any CPU.ActiveCfg = Release|Any CPU
		{6C27FE0B-C51F-43B2-8E52-B0345341CA8B}.Configuration|Any CPU.Build.0 = Release|Any CPU
		{6C27FE0B-C51F-43B2-8E52-B0345341CA8B}.Configuration|Mixed Platforms.ActiveCfg = Release|Any CPU
		{6C27FE0B-C51F-43B2-8E52-B0345341CA8B}.Configuration|Mixed Platforms.Build.0 = Release|Any CPU
		{6C27FE0B-C51F-43B2-8E52-B0345341CA8B}.Configuration|x86.ActiveCfg = Release|Any CPU
		{6C27FE0B-C51F-43B2-8E52-B0345341CA8B}.Debug (.Net 2.0)|Any CPU.ActiveCfg = Debug|Any CPU
		{6C27FE0B-C51F-43B2-8E52-B0345341CA8B}.Debug (.Net 2.0)|Any CPU.Build.0 = Debug|Any CPU
		{6C27FE0B-C51F-43B2-8E52-B0345341CA8B}.Debug (.Net 2.0)|Mixed Platforms.ActiveCfg = Debug|Any CPU
		{6C27FE0B-C51F-43B2-8E52-B0345341CA8B}.Debug (.Net 2.0)|Mixed Platforms.Build.0 = Debug|Any CPU
		{6C27FE0B-C51F-43B2-8E52-B0345341CA8B}.Debug (.Net 2.0)|x86.ActiveCfg = Debug|Any CPU
		{6C27FE0B-C51F-43B2-8E52-B0345341CA8B}.Debug (.Net 3.5)|Any CPU.ActiveCfg = Debug|Any CPU
		{6C27FE0B-C51F-43B2-8E52-B0345341CA8B}.Debug (.Net 3.5)|Any CPU.Build.0 = Debug|Any CPU
		{6C27FE0B-C51F-43B2-8E52-B0345341CA8B}.Debug (.Net 3.5)|Mixed Platforms.ActiveCfg = Debug|Any CPU
		{6C27FE0B-C51F-43B2-8E52-B0345341CA8B}.Debug (.Net 3.5)|Mixed Platforms.Build.0 = Debug|Any CPU
		{6C27FE0B-C51F-43B2-8E52-B0345341CA8B}.Debug (.Net 3.5)|x86.ActiveCfg = Debug|Any CPU
		{6C27FE0B-C51F-43B2-8E52-B0345341CA8B}.Debug (.Net 4.0)|Any CPU.ActiveCfg = Debug|Any CPU
		{6C27FE0B-C51F-43B2-8E52-B0345341CA8B}.Debug (.Net 4.0)|Any CPU.Build.0 = Debug|Any CPU
		{6C27FE0B-C51F-43B2-8E52-B0345341CA8B}.Debug (.Net 4.0)|Mixed Platforms.ActiveCfg = Debug|Any CPU
		{6C27FE0B-C51F-43B2-8E52-B0345341CA8B}.Debug (.Net 4.0)|Mixed Platforms.Build.0 = Debug|Any CPU
		{6C27FE0B-C51F-43B2-8E52-B0345341CA8B}.Debug (.Net 4.0)|x86.ActiveCfg = Debug|Any CPU
		{6C27FE0B-C51F-43B2-8E52-B0345341CA8B}.Debug|Any CPU.ActiveCfg = Debug|Any CPU
		{6C27FE0B-C51F-43B2-8E52-B0345341CA8B}.Debug|Any CPU.Build.0 = Debug|Any CPU
		{6C27FE0B-C51F-43B2-8E52-B0345341CA8B}.Debug|Mixed Platforms.ActiveCfg = Debug|Any CPU
		{6C27FE0B-C51F-43B2-8E52-B0345341CA8B}.Debug|Mixed Platforms.Build.0 = Debug|Any CPU
		{6C27FE0B-C51F-43B2-8E52-B0345341CA8B}.Debug|x86.ActiveCfg = Debug|Any CPU
		{6C27FE0B-C51F-43B2-8E52-B0345341CA8B}.NET40-Debug|Any CPU.ActiveCfg = Debug|Any CPU
		{6C27FE0B-C51F-43B2-8E52-B0345341CA8B}.NET40-Debug|Any CPU.Build.0 = Debug|Any CPU
		{6C27FE0B-C51F-43B2-8E52-B0345341CA8B}.NET40-Debug|Mixed Platforms.ActiveCfg = Debug|Any CPU
		{6C27FE0B-C51F-43B2-8E52-B0345341CA8B}.NET40-Debug|Mixed Platforms.Build.0 = Debug|Any CPU
		{6C27FE0B-C51F-43B2-8E52-B0345341CA8B}.NET40-Debug|x86.ActiveCfg = Debug|Any CPU
		{6C27FE0B-C51F-43B2-8E52-B0345341CA8B}.NET40-Release|Any CPU.ActiveCfg = Release|Any CPU
		{6C27FE0B-C51F-43B2-8E52-B0345341CA8B}.NET40-Release|Any CPU.Build.0 = Release|Any CPU
		{6C27FE0B-C51F-43B2-8E52-B0345341CA8B}.NET40-Release|Mixed Platforms.ActiveCfg = Release|Any CPU
		{6C27FE0B-C51F-43B2-8E52-B0345341CA8B}.NET40-Release|Mixed Platforms.Build.0 = Release|Any CPU
		{6C27FE0B-C51F-43B2-8E52-B0345341CA8B}.NET40-Release|x86.ActiveCfg = Release|Any CPU
		{6C27FE0B-C51F-43B2-8E52-B0345341CA8B}.Release (.Net 2.0)|Any CPU.ActiveCfg = Release|Any CPU
		{6C27FE0B-C51F-43B2-8E52-B0345341CA8B}.Release (.Net 2.0)|Any CPU.Build.0 = Release|Any CPU
		{6C27FE0B-C51F-43B2-8E52-B0345341CA8B}.Release (.Net 2.0)|Mixed Platforms.ActiveCfg = Release|Any CPU
		{6C27FE0B-C51F-43B2-8E52-B0345341CA8B}.Release (.Net 2.0)|Mixed Platforms.Build.0 = Release|Any CPU
		{6C27FE0B-C51F-43B2-8E52-B0345341CA8B}.Release (.Net 2.0)|x86.ActiveCfg = Release|Any CPU
		{6C27FE0B-C51F-43B2-8E52-B0345341CA8B}.Release (.Net 3.5)|Any CPU.ActiveCfg = Release|Any CPU
		{6C27FE0B-C51F-43B2-8E52-B0345341CA8B}.Release (.Net 3.5)|Any CPU.Build.0 = Release|Any CPU
		{6C27FE0B-C51F-43B2-8E52-B0345341CA8B}.Release (.Net 3.5)|Mixed Platforms.ActiveCfg = Release|Any CPU
		{6C27FE0B-C51F-43B2-8E52-B0345341CA8B}.Release (.Net 3.5)|Mixed Platforms.Build.0 = Release|Any CPU
		{6C27FE0B-C51F-43B2-8E52-B0345341CA8B}.Release (.Net 3.5)|x86.ActiveCfg = Release|Any CPU
		{6C27FE0B-C51F-43B2-8E52-B0345341CA8B}.Release (.Net 4.0)|Any CPU.ActiveCfg = Release|Any CPU
		{6C27FE0B-C51F-43B2-8E52-B0345341CA8B}.Release (.Net 4.0)|Any CPU.Build.0 = Release|Any CPU
		{6C27FE0B-C51F-43B2-8E52-B0345341CA8B}.Release (.Net 4.0)|Mixed Platforms.ActiveCfg = Release|Any CPU
		{6C27FE0B-C51F-43B2-8E52-B0345341CA8B}.Release (.Net 4.0)|Mixed Platforms.Build.0 = Release|Any CPU
		{6C27FE0B-C51F-43B2-8E52-B0345341CA8B}.Release (.Net 4.0)|x86.ActiveCfg = Release|Any CPU
		{6C27FE0B-C51F-43B2-8E52-B0345341CA8B}.Release|Any CPU.ActiveCfg = Release|Any CPU
		{6C27FE0B-C51F-43B2-8E52-B0345341CA8B}.Release|Any CPU.Build.0 = Release|Any CPU
		{6C27FE0B-C51F-43B2-8E52-B0345341CA8B}.Release|Mixed Platforms.ActiveCfg = Release|Any CPU
		{6C27FE0B-C51F-43B2-8E52-B0345341CA8B}.Release|Mixed Platforms.Build.0 = Release|Any CPU
		{6C27FE0B-C51F-43B2-8E52-B0345341CA8B}.Release|x86.ActiveCfg = Release|Any CPU
		{6C27FE0B-C51F-43B2-8E52-B0345341CA8B}.Release|x86.Build.0 = Release|Any CPU
		{3513ECC9-37E0-49A3-9551-9865702B6D3A}.AutomatedDebug|Any CPU.ActiveCfg = Debug|Any CPU
		{3513ECC9-37E0-49A3-9551-9865702B6D3A}.AutomatedDebug|Any CPU.Build.0 = Debug|Any CPU
		{3513ECC9-37E0-49A3-9551-9865702B6D3A}.AutomatedDebug|Mixed Platforms.ActiveCfg = Debug|Any CPU
		{3513ECC9-37E0-49A3-9551-9865702B6D3A}.AutomatedDebug|Mixed Platforms.Build.0 = Debug|Any CPU
		{3513ECC9-37E0-49A3-9551-9865702B6D3A}.AutomatedDebug|x86.ActiveCfg = Debug|Any CPU
		{3513ECC9-37E0-49A3-9551-9865702B6D3A}.Configuration|Any CPU.ActiveCfg = Release|Any CPU
		{3513ECC9-37E0-49A3-9551-9865702B6D3A}.Configuration|Any CPU.Build.0 = Release|Any CPU
		{3513ECC9-37E0-49A3-9551-9865702B6D3A}.Configuration|Mixed Platforms.ActiveCfg = Release|Any CPU
		{3513ECC9-37E0-49A3-9551-9865702B6D3A}.Configuration|Mixed Platforms.Build.0 = Release|Any CPU
		{3513ECC9-37E0-49A3-9551-9865702B6D3A}.Configuration|x86.ActiveCfg = Release|Any CPU
		{3513ECC9-37E0-49A3-9551-9865702B6D3A}.Debug (.Net 2.0)|Any CPU.ActiveCfg = Debug|Any CPU
		{3513ECC9-37E0-49A3-9551-9865702B6D3A}.Debug (.Net 2.0)|Any CPU.Build.0 = Debug|Any CPU
		{3513ECC9-37E0-49A3-9551-9865702B6D3A}.Debug (.Net 2.0)|Mixed Platforms.ActiveCfg = Debug|Any CPU
		{3513ECC9-37E0-49A3-9551-9865702B6D3A}.Debug (.Net 2.0)|Mixed Platforms.Build.0 = Debug|Any CPU
		{3513ECC9-37E0-49A3-9551-9865702B6D3A}.Debug (.Net 2.0)|x86.ActiveCfg = Debug|Any CPU
		{3513ECC9-37E0-49A3-9551-9865702B6D3A}.Debug (.Net 3.5)|Any CPU.ActiveCfg = Debug|Any CPU
		{3513ECC9-37E0-49A3-9551-9865702B6D3A}.Debug (.Net 3.5)|Any CPU.Build.0 = Debug|Any CPU
		{3513ECC9-37E0-49A3-9551-9865702B6D3A}.Debug (.Net 3.5)|Mixed Platforms.ActiveCfg = Debug|Any CPU
		{3513ECC9-37E0-49A3-9551-9865702B6D3A}.Debug (.Net 3.5)|Mixed Platforms.Build.0 = Debug|Any CPU
		{3513ECC9-37E0-49A3-9551-9865702B6D3A}.Debug (.Net 3.5)|x86.ActiveCfg = Debug|Any CPU
		{3513ECC9-37E0-49A3-9551-9865702B6D3A}.Debug (.Net 4.0)|Any CPU.ActiveCfg = Debug|Any CPU
		{3513ECC9-37E0-49A3-9551-9865702B6D3A}.Debug (.Net 4.0)|Any CPU.Build.0 = Debug|Any CPU
		{3513ECC9-37E0-49A3-9551-9865702B6D3A}.Debug (.Net 4.0)|Mixed Platforms.ActiveCfg = Debug|Any CPU
		{3513ECC9-37E0-49A3-9551-9865702B6D3A}.Debug (.Net 4.0)|Mixed Platforms.Build.0 = Debug|Any CPU
		{3513ECC9-37E0-49A3-9551-9865702B6D3A}.Debug (.Net 4.0)|x86.ActiveCfg = Debug|Any CPU
		{3513ECC9-37E0-49A3-9551-9865702B6D3A}.Debug|Any CPU.ActiveCfg = Debug|Any CPU
		{3513ECC9-37E0-49A3-9551-9865702B6D3A}.Debug|Any CPU.Build.0 = Debug|Any CPU
		{3513ECC9-37E0-49A3-9551-9865702B6D3A}.Debug|Mixed Platforms.ActiveCfg = Debug|Any CPU
		{3513ECC9-37E0-49A3-9551-9865702B6D3A}.Debug|Mixed Platforms.Build.0 = Debug|Any CPU
		{3513ECC9-37E0-49A3-9551-9865702B6D3A}.Debug|x86.ActiveCfg = Debug|Any CPU
		{3513ECC9-37E0-49A3-9551-9865702B6D3A}.NET40-Debug|Any CPU.ActiveCfg = Debug|Any CPU
		{3513ECC9-37E0-49A3-9551-9865702B6D3A}.NET40-Debug|Any CPU.Build.0 = Debug|Any CPU
		{3513ECC9-37E0-49A3-9551-9865702B6D3A}.NET40-Debug|Mixed Platforms.ActiveCfg = Debug|Any CPU
		{3513ECC9-37E0-49A3-9551-9865702B6D3A}.NET40-Debug|Mixed Platforms.Build.0 = Debug|Any CPU
		{3513ECC9-37E0-49A3-9551-9865702B6D3A}.NET40-Debug|x86.ActiveCfg = Debug|Any CPU
		{3513ECC9-37E0-49A3-9551-9865702B6D3A}.NET40-Release|Any CPU.ActiveCfg = Release|Any CPU
		{3513ECC9-37E0-49A3-9551-9865702B6D3A}.NET40-Release|Any CPU.Build.0 = Release|Any CPU
		{3513ECC9-37E0-49A3-9551-9865702B6D3A}.NET40-Release|Mixed Platforms.ActiveCfg = Release|Any CPU
		{3513ECC9-37E0-49A3-9551-9865702B6D3A}.NET40-Release|Mixed Platforms.Build.0 = Release|Any CPU
		{3513ECC9-37E0-49A3-9551-9865702B6D3A}.NET40-Release|x86.ActiveCfg = Release|Any CPU
		{3513ECC9-37E0-49A3-9551-9865702B6D3A}.Release (.Net 2.0)|Any CPU.ActiveCfg = Release|Any CPU
		{3513ECC9-37E0-49A3-9551-9865702B6D3A}.Release (.Net 2.0)|Any CPU.Build.0 = Release|Any CPU
		{3513ECC9-37E0-49A3-9551-9865702B6D3A}.Release (.Net 2.0)|Mixed Platforms.ActiveCfg = Release|Any CPU
		{3513ECC9-37E0-49A3-9551-9865702B6D3A}.Release (.Net 2.0)|Mixed Platforms.Build.0 = Release|Any CPU
		{3513ECC9-37E0-49A3-9551-9865702B6D3A}.Release (.Net 2.0)|x86.ActiveCfg = Release|Any CPU
		{3513ECC9-37E0-49A3-9551-9865702B6D3A}.Release (.Net 3.5)|Any CPU.ActiveCfg = Release|Any CPU
		{3513ECC9-37E0-49A3-9551-9865702B6D3A}.Release (.Net 3.5)|Any CPU.Build.0 = Release|Any CPU
		{3513ECC9-37E0-49A3-9551-9865702B6D3A}.Release (.Net 3.5)|Mixed Platforms.ActiveCfg = Release|Any CPU
		{3513ECC9-37E0-49A3-9551-9865702B6D3A}.Release (.Net 3.5)|Mixed Platforms.Build.0 = Release|Any CPU
		{3513ECC9-37E0-49A3-9551-9865702B6D3A}.Release (.Net 3.5)|x86.ActiveCfg = Release|Any CPU
		{3513ECC9-37E0-49A3-9551-9865702B6D3A}.Release (.Net 4.0)|Any CPU.ActiveCfg = Release|Any CPU
		{3513ECC9-37E0-49A3-9551-9865702B6D3A}.Release (.Net 4.0)|Any CPU.Build.0 = Release|Any CPU
		{3513ECC9-37E0-49A3-9551-9865702B6D3A}.Release (.Net 4.0)|Mixed Platforms.ActiveCfg = Release|Any CPU
		{3513ECC9-37E0-49A3-9551-9865702B6D3A}.Release (.Net 4.0)|Mixed Platforms.Build.0 = Release|Any CPU
		{3513ECC9-37E0-49A3-9551-9865702B6D3A}.Release (.Net 4.0)|x86.ActiveCfg = Release|Any CPU
		{3513ECC9-37E0-49A3-9551-9865702B6D3A}.Release|Any CPU.ActiveCfg = Release|Any CPU
		{3513ECC9-37E0-49A3-9551-9865702B6D3A}.Release|Any CPU.Build.0 = Release|Any CPU
		{3513ECC9-37E0-49A3-9551-9865702B6D3A}.Release|Mixed Platforms.ActiveCfg = Release|Any CPU
		{3513ECC9-37E0-49A3-9551-9865702B6D3A}.Release|Mixed Platforms.Build.0 = Release|Any CPU
		{3513ECC9-37E0-49A3-9551-9865702B6D3A}.Release|x86.ActiveCfg = Release|Any CPU
		{3513ECC9-37E0-49A3-9551-9865702B6D3A}.Release|x86.Build.0 = Release|Any CPU
		{E8E8BB5D-3302-4763-94F2-A8A238F7D6EA}.AutomatedDebug|Any CPU.ActiveCfg = Debug|Any CPU
		{E8E8BB5D-3302-4763-94F2-A8A238F7D6EA}.AutomatedDebug|Any CPU.Build.0 = Debug|Any CPU
		{E8E8BB5D-3302-4763-94F2-A8A238F7D6EA}.AutomatedDebug|Mixed Platforms.ActiveCfg = Debug|Any CPU
		{E8E8BB5D-3302-4763-94F2-A8A238F7D6EA}.AutomatedDebug|Mixed Platforms.Build.0 = Debug|Any CPU
		{E8E8BB5D-3302-4763-94F2-A8A238F7D6EA}.AutomatedDebug|x86.ActiveCfg = Debug|Any CPU
		{E8E8BB5D-3302-4763-94F2-A8A238F7D6EA}.Configuration|Any CPU.ActiveCfg = Release|Any CPU
		{E8E8BB5D-3302-4763-94F2-A8A238F7D6EA}.Configuration|Any CPU.Build.0 = Release|Any CPU
		{E8E8BB5D-3302-4763-94F2-A8A238F7D6EA}.Configuration|Mixed Platforms.ActiveCfg = Release|Any CPU
		{E8E8BB5D-3302-4763-94F2-A8A238F7D6EA}.Configuration|Mixed Platforms.Build.0 = Release|Any CPU
		{E8E8BB5D-3302-4763-94F2-A8A238F7D6EA}.Configuration|x86.ActiveCfg = Release|Any CPU
		{E8E8BB5D-3302-4763-94F2-A8A238F7D6EA}.Debug (.Net 2.0)|Any CPU.ActiveCfg = Debug|Any CPU
		{E8E8BB5D-3302-4763-94F2-A8A238F7D6EA}.Debug (.Net 2.0)|Any CPU.Build.0 = Debug|Any CPU
		{E8E8BB5D-3302-4763-94F2-A8A238F7D6EA}.Debug (.Net 2.0)|Mixed Platforms.ActiveCfg = Debug|Any CPU
		{E8E8BB5D-3302-4763-94F2-A8A238F7D6EA}.Debug (.Net 2.0)|Mixed Platforms.Build.0 = Debug|Any CPU
		{E8E8BB5D-3302-4763-94F2-A8A238F7D6EA}.Debug (.Net 2.0)|x86.ActiveCfg = Debug|Any CPU
		{E8E8BB5D-3302-4763-94F2-A8A238F7D6EA}.Debug (.Net 3.5)|Any CPU.ActiveCfg = Debug|Any CPU
		{E8E8BB5D-3302-4763-94F2-A8A238F7D6EA}.Debug (.Net 3.5)|Any CPU.Build.0 = Debug|Any CPU
		{E8E8BB5D-3302-4763-94F2-A8A238F7D6EA}.Debug (.Net 3.5)|Mixed Platforms.ActiveCfg = Debug|Any CPU
		{E8E8BB5D-3302-4763-94F2-A8A238F7D6EA}.Debug (.Net 3.5)|Mixed Platforms.Build.0 = Debug|Any CPU
		{E8E8BB5D-3302-4763-94F2-A8A238F7D6EA}.Debug (.Net 3.5)|x86.ActiveCfg = Debug|Any CPU
		{E8E8BB5D-3302-4763-94F2-A8A238F7D6EA}.Debug (.Net 4.0)|Any CPU.ActiveCfg = Debug|Any CPU
		{E8E8BB5D-3302-4763-94F2-A8A238F7D6EA}.Debug (.Net 4.0)|Any CPU.Build.0 = Debug|Any CPU
		{E8E8BB5D-3302-4763-94F2-A8A238F7D6EA}.Debug (.Net 4.0)|Mixed Platforms.ActiveCfg = Debug|Any CPU
		{E8E8BB5D-3302-4763-94F2-A8A238F7D6EA}.Debug (.Net 4.0)|Mixed Platforms.Build.0 = Debug|Any CPU
		{E8E8BB5D-3302-4763-94F2-A8A238F7D6EA}.Debug (.Net 4.0)|x86.ActiveCfg = Debug|Any CPU
		{E8E8BB5D-3302-4763-94F2-A8A238F7D6EA}.Debug|Any CPU.ActiveCfg = Debug|Any CPU
		{E8E8BB5D-3302-4763-94F2-A8A238F7D6EA}.Debug|Any CPU.Build.0 = Debug|Any CPU
		{E8E8BB5D-3302-4763-94F2-A8A238F7D6EA}.Debug|Mixed Platforms.ActiveCfg = Debug|Any CPU
		{E8E8BB5D-3302-4763-94F2-A8A238F7D6EA}.Debug|Mixed Platforms.Build.0 = Debug|Any CPU
		{E8E8BB5D-3302-4763-94F2-A8A238F7D6EA}.Debug|x86.ActiveCfg = Debug|Any CPU
		{E8E8BB5D-3302-4763-94F2-A8A238F7D6EA}.NET40-Debug|Any CPU.ActiveCfg = Debug|Any CPU
		{E8E8BB5D-3302-4763-94F2-A8A238F7D6EA}.NET40-Debug|Any CPU.Build.0 = Debug|Any CPU
		{E8E8BB5D-3302-4763-94F2-A8A238F7D6EA}.NET40-Debug|Mixed Platforms.ActiveCfg = Debug|Any CPU
		{E8E8BB5D-3302-4763-94F2-A8A238F7D6EA}.NET40-Debug|Mixed Platforms.Build.0 = Debug|Any CPU
		{E8E8BB5D-3302-4763-94F2-A8A238F7D6EA}.NET40-Debug|x86.ActiveCfg = Debug|Any CPU
		{E8E8BB5D-3302-4763-94F2-A8A238F7D6EA}.NET40-Release|Any CPU.ActiveCfg = Release|Any CPU
		{E8E8BB5D-3302-4763-94F2-A8A238F7D6EA}.NET40-Release|Any CPU.Build.0 = Release|Any CPU
		{E8E8BB5D-3302-4763-94F2-A8A238F7D6EA}.NET40-Release|Mixed Platforms.ActiveCfg = Release|Any CPU
		{E8E8BB5D-3302-4763-94F2-A8A238F7D6EA}.NET40-Release|Mixed Platforms.Build.0 = Release|Any CPU
		{E8E8BB5D-3302-4763-94F2-A8A238F7D6EA}.NET40-Release|x86.ActiveCfg = Release|Any CPU
		{E8E8BB5D-3302-4763-94F2-A8A238F7D6EA}.Release (.Net 2.0)|Any CPU.ActiveCfg = Release|Any CPU
		{E8E8BB5D-3302-4763-94F2-A8A238F7D6EA}.Release (.Net 2.0)|Any CPU.Build.0 = Release|Any CPU
		{E8E8BB5D-3302-4763-94F2-A8A238F7D6EA}.Release (.Net 2.0)|Mixed Platforms.ActiveCfg = Release|Any CPU
		{E8E8BB5D-3302-4763-94F2-A8A238F7D6EA}.Release (.Net 2.0)|Mixed Platforms.Build.0 = Release|Any CPU
		{E8E8BB5D-3302-4763-94F2-A8A238F7D6EA}.Release (.Net 2.0)|x86.ActiveCfg = Release|Any CPU
		{E8E8BB5D-3302-4763-94F2-A8A238F7D6EA}.Release (.Net 3.5)|Any CPU.ActiveCfg = Release|Any CPU
		{E8E8BB5D-3302-4763-94F2-A8A238F7D6EA}.Release (.Net 3.5)|Any CPU.Build.0 = Release|Any CPU
		{E8E8BB5D-3302-4763-94F2-A8A238F7D6EA}.Release (.Net 3.5)|Mixed Platforms.ActiveCfg = Release|Any CPU
		{E8E8BB5D-3302-4763-94F2-A8A238F7D6EA}.Release (.Net 3.5)|Mixed Platforms.Build.0 = Release|Any CPU
		{E8E8BB5D-3302-4763-94F2-A8A238F7D6EA}.Release (.Net 3.5)|x86.ActiveCfg = Release|Any CPU
		{E8E8BB5D-3302-4763-94F2-A8A238F7D6EA}.Release (.Net 4.0)|Any CPU.ActiveCfg = Release|Any CPU
		{E8E8BB5D-3302-4763-94F2-A8A238F7D6EA}.Release (.Net 4.0)|Any CPU.Build.0 = Release|Any CPU
		{E8E8BB5D-3302-4763-94F2-A8A238F7D6EA}.Release (.Net 4.0)|Mixed Platforms.ActiveCfg = Release|Any CPU
		{E8E8BB5D-3302-4763-94F2-A8A238F7D6EA}.Release (.Net 4.0)|Mixed Platforms.Build.0 = Release|Any CPU
		{E8E8BB5D-3302-4763-94F2-A8A238F7D6EA}.Release (.Net 4.0)|x86.ActiveCfg = Release|Any CPU
		{E8E8BB5D-3302-4763-94F2-A8A238F7D6EA}.Release|Any CPU.ActiveCfg = Release|Any CPU
		{E8E8BB5D-3302-4763-94F2-A8A238F7D6EA}.Release|Any CPU.Build.0 = Release|Any CPU
		{E8E8BB5D-3302-4763-94F2-A8A238F7D6EA}.Release|Mixed Platforms.ActiveCfg = Release|Any CPU
		{E8E8BB5D-3302-4763-94F2-A8A238F7D6EA}.Release|Mixed Platforms.Build.0 = Release|Any CPU
		{E8E8BB5D-3302-4763-94F2-A8A238F7D6EA}.Release|x86.ActiveCfg = Release|Any CPU
		{E8E8BB5D-3302-4763-94F2-A8A238F7D6EA}.Release|x86.Build.0 = Release|Any CPU
		{3B4E5512-1440-4AD7-B0FD-3AF2A7C9C343}.AutomatedDebug|Any CPU.ActiveCfg = Debug|Any CPU
		{3B4E5512-1440-4AD7-B0FD-3AF2A7C9C343}.AutomatedDebug|Any CPU.Build.0 = Debug|Any CPU
		{3B4E5512-1440-4AD7-B0FD-3AF2A7C9C343}.AutomatedDebug|Mixed Platforms.ActiveCfg = Debug|Any CPU
		{3B4E5512-1440-4AD7-B0FD-3AF2A7C9C343}.AutomatedDebug|Mixed Platforms.Build.0 = Debug|Any CPU
		{3B4E5512-1440-4AD7-B0FD-3AF2A7C9C343}.AutomatedDebug|x86.ActiveCfg = Debug|Any CPU
		{3B4E5512-1440-4AD7-B0FD-3AF2A7C9C343}.Configuration|Any CPU.ActiveCfg = Release|Any CPU
		{3B4E5512-1440-4AD7-B0FD-3AF2A7C9C343}.Configuration|Any CPU.Build.0 = Release|Any CPU
		{3B4E5512-1440-4AD7-B0FD-3AF2A7C9C343}.Configuration|Mixed Platforms.ActiveCfg = Release|Any CPU
		{3B4E5512-1440-4AD7-B0FD-3AF2A7C9C343}.Configuration|Mixed Platforms.Build.0 = Release|Any CPU
		{3B4E5512-1440-4AD7-B0FD-3AF2A7C9C343}.Configuration|x86.ActiveCfg = Release|Any CPU
		{3B4E5512-1440-4AD7-B0FD-3AF2A7C9C343}.Debug (.Net 2.0)|Any CPU.ActiveCfg = Debug|Any CPU
		{3B4E5512-1440-4AD7-B0FD-3AF2A7C9C343}.Debug (.Net 2.0)|Any CPU.Build.0 = Debug|Any CPU
		{3B4E5512-1440-4AD7-B0FD-3AF2A7C9C343}.Debug (.Net 2.0)|Mixed Platforms.ActiveCfg = Debug|Any CPU
		{3B4E5512-1440-4AD7-B0FD-3AF2A7C9C343}.Debug (.Net 2.0)|Mixed Platforms.Build.0 = Debug|Any CPU
		{3B4E5512-1440-4AD7-B0FD-3AF2A7C9C343}.Debug (.Net 2.0)|x86.ActiveCfg = Debug|Any CPU
		{3B4E5512-1440-4AD7-B0FD-3AF2A7C9C343}.Debug (.Net 3.5)|Any CPU.ActiveCfg = Debug|Any CPU
		{3B4E5512-1440-4AD7-B0FD-3AF2A7C9C343}.Debug (.Net 3.5)|Any CPU.Build.0 = Debug|Any CPU
		{3B4E5512-1440-4AD7-B0FD-3AF2A7C9C343}.Debug (.Net 3.5)|Mixed Platforms.ActiveCfg = Debug|Any CPU
		{3B4E5512-1440-4AD7-B0FD-3AF2A7C9C343}.Debug (.Net 3.5)|Mixed Platforms.Build.0 = Debug|Any CPU
		{3B4E5512-1440-4AD7-B0FD-3AF2A7C9C343}.Debug (.Net 3.5)|x86.ActiveCfg = Debug|Any CPU
		{3B4E5512-1440-4AD7-B0FD-3AF2A7C9C343}.Debug (.Net 4.0)|Any CPU.ActiveCfg = Debug|Any CPU
		{3B4E5512-1440-4AD7-B0FD-3AF2A7C9C343}.Debug (.Net 4.0)|Any CPU.Build.0 = Debug|Any CPU
		{3B4E5512-1440-4AD7-B0FD-3AF2A7C9C343}.Debug (.Net 4.0)|Mixed Platforms.ActiveCfg = Debug|Any CPU
		{3B4E5512-1440-4AD7-B0FD-3AF2A7C9C343}.Debug (.Net 4.0)|Mixed Platforms.Build.0 = Debug|Any CPU
		{3B4E5512-1440-4AD7-B0FD-3AF2A7C9C343}.Debug (.Net 4.0)|x86.ActiveCfg = Debug|Any CPU
		{3B4E5512-1440-4AD7-B0FD-3AF2A7C9C343}.Debug|Any CPU.ActiveCfg = Debug|Any CPU
		{3B4E5512-1440-4AD7-B0FD-3AF2A7C9C343}.Debug|Any CPU.Build.0 = Debug|Any CPU
		{3B4E5512-1440-4AD7-B0FD-3AF2A7C9C343}.Debug|Mixed Platforms.ActiveCfg = Debug|Any CPU
		{3B4E5512-1440-4AD7-B0FD-3AF2A7C9C343}.Debug|Mixed Platforms.Build.0 = Debug|Any CPU
		{3B4E5512-1440-4AD7-B0FD-3AF2A7C9C343}.Debug|x86.ActiveCfg = Debug|Any CPU
		{3B4E5512-1440-4AD7-B0FD-3AF2A7C9C343}.NET40-Debug|Any CPU.ActiveCfg = Debug|Any CPU
		{3B4E5512-1440-4AD7-B0FD-3AF2A7C9C343}.NET40-Debug|Any CPU.Build.0 = Debug|Any CPU
		{3B4E5512-1440-4AD7-B0FD-3AF2A7C9C343}.NET40-Debug|Mixed Platforms.ActiveCfg = Debug|Any CPU
		{3B4E5512-1440-4AD7-B0FD-3AF2A7C9C343}.NET40-Debug|Mixed Platforms.Build.0 = Debug|Any CPU
		{3B4E5512-1440-4AD7-B0FD-3AF2A7C9C343}.NET40-Debug|x86.ActiveCfg = Debug|Any CPU
		{3B4E5512-1440-4AD7-B0FD-3AF2A7C9C343}.NET40-Release|Any CPU.ActiveCfg = Release|Any CPU
		{3B4E5512-1440-4AD7-B0FD-3AF2A7C9C343}.NET40-Release|Any CPU.Build.0 = Release|Any CPU
		{3B4E5512-1440-4AD7-B0FD-3AF2A7C9C343}.NET40-Release|Mixed Platforms.ActiveCfg = Release|Any CPU
		{3B4E5512-1440-4AD7-B0FD-3AF2A7C9C343}.NET40-Release|Mixed Platforms.Build.0 = Release|Any CPU
		{3B4E5512-1440-4AD7-B0FD-3AF2A7C9C343}.NET40-Release|x86.ActiveCfg = Release|Any CPU
		{3B4E5512-1440-4AD7-B0FD-3AF2A7C9C343}.Release (.Net 2.0)|Any CPU.ActiveCfg = Release|Any CPU
		{3B4E5512-1440-4AD7-B0FD-3AF2A7C9C343}.Release (.Net 2.0)|Any CPU.Build.0 = Release|Any CPU
		{3B4E5512-1440-4AD7-B0FD-3AF2A7C9C343}.Release (.Net 2.0)|Mixed Platforms.ActiveCfg = Release|Any CPU
		{3B4E5512-1440-4AD7-B0FD-3AF2A7C9C343}.Release (.Net 2.0)|Mixed Platforms.Build.0 = Release|Any CPU
		{3B4E5512-1440-4AD7-B0FD-3AF2A7C9C343}.Release (.Net 2.0)|x86.ActiveCfg = Release|Any CPU
		{3B4E5512-1440-4AD7-B0FD-3AF2A7C9C343}.Release (.Net 3.5)|Any CPU.ActiveCfg = Release|Any CPU
		{3B4E5512-1440-4AD7-B0FD-3AF2A7C9C343}.Release (.Net 3.5)|Any CPU.Build.0 = Release|Any CPU
		{3B4E5512-1440-4AD7-B0FD-3AF2A7C9C343}.Release (.Net 3.5)|Mixed Platforms.ActiveCfg = Release|Any CPU
		{3B4E5512-1440-4AD7-B0FD-3AF2A7C9C343}.Release (.Net 3.5)|Mixed Platforms.Build.0 = Release|Any CPU
		{3B4E5512-1440-4AD7-B0FD-3AF2A7C9C343}.Release (.Net 3.5)|x86.ActiveCfg = Release|Any CPU
		{3B4E5512-1440-4AD7-B0FD-3AF2A7C9C343}.Release (.Net 4.0)|Any CPU.ActiveCfg = Release|Any CPU
		{3B4E5512-1440-4AD7-B0FD-3AF2A7C9C343}.Release (.Net 4.0)|Any CPU.Build.0 = Release|Any CPU
		{3B4E5512-1440-4AD7-B0FD-3AF2A7C9C343}.Release (.Net 4.0)|Mixed Platforms.ActiveCfg = Release|Any CPU
		{3B4E5512-1440-4AD7-B0FD-3AF2A7C9C343}.Release (.Net 4.0)|Mixed Platforms.Build.0 = Release|Any CPU
		{3B4E5512-1440-4AD7-B0FD-3AF2A7C9C343}.Release (.Net 4.0)|x86.ActiveCfg = Release|Any CPU
		{3B4E5512-1440-4AD7-B0FD-3AF2A7C9C343}.Release|Any CPU.ActiveCfg = Release|Any CPU
		{3B4E5512-1440-4AD7-B0FD-3AF2A7C9C343}.Release|Any CPU.Build.0 = Release|Any CPU
		{3B4E5512-1440-4AD7-B0FD-3AF2A7C9C343}.Release|Mixed Platforms.ActiveCfg = Release|Any CPU
		{3B4E5512-1440-4AD7-B0FD-3AF2A7C9C343}.Release|Mixed Platforms.Build.0 = Release|Any CPU
		{3B4E5512-1440-4AD7-B0FD-3AF2A7C9C343}.Release|x86.ActiveCfg = Release|Any CPU
		{3B4E5512-1440-4AD7-B0FD-3AF2A7C9C343}.Release|x86.Build.0 = Release|Any CPU
		{23B83EAD-51A4-452C-A5FD-CC21ACFFA889}.AutomatedDebug|Any CPU.ActiveCfg = Debug|Any CPU
		{23B83EAD-51A4-452C-A5FD-CC21ACFFA889}.AutomatedDebug|Any CPU.Build.0 = Debug|Any CPU
		{23B83EAD-51A4-452C-A5FD-CC21ACFFA889}.AutomatedDebug|Mixed Platforms.ActiveCfg = Debug|Any CPU
		{23B83EAD-51A4-452C-A5FD-CC21ACFFA889}.AutomatedDebug|Mixed Platforms.Build.0 = Debug|Any CPU
		{23B83EAD-51A4-452C-A5FD-CC21ACFFA889}.AutomatedDebug|x86.ActiveCfg = Debug|Any CPU
		{23B83EAD-51A4-452C-A5FD-CC21ACFFA889}.Configuration|Any CPU.ActiveCfg = Release|Any CPU
		{23B83EAD-51A4-452C-A5FD-CC21ACFFA889}.Configuration|Any CPU.Build.0 = Release|Any CPU
		{23B83EAD-51A4-452C-A5FD-CC21ACFFA889}.Configuration|Mixed Platforms.ActiveCfg = Release|Any CPU
		{23B83EAD-51A4-452C-A5FD-CC21ACFFA889}.Configuration|Mixed Platforms.Build.0 = Release|Any CPU
		{23B83EAD-51A4-452C-A5FD-CC21ACFFA889}.Configuration|x86.ActiveCfg = Release|Any CPU
		{23B83EAD-51A4-452C-A5FD-CC21ACFFA889}.Debug (.Net 2.0)|Any CPU.ActiveCfg = Debug|Any CPU
		{23B83EAD-51A4-452C-A5FD-CC21ACFFA889}.Debug (.Net 2.0)|Any CPU.Build.0 = Debug|Any CPU
		{23B83EAD-51A4-452C-A5FD-CC21ACFFA889}.Debug (.Net 2.0)|Mixed Platforms.ActiveCfg = Debug|Any CPU
		{23B83EAD-51A4-452C-A5FD-CC21ACFFA889}.Debug (.Net 2.0)|Mixed Platforms.Build.0 = Debug|Any CPU
		{23B83EAD-51A4-452C-A5FD-CC21ACFFA889}.Debug (.Net 2.0)|x86.ActiveCfg = Debug|Any CPU
		{23B83EAD-51A4-452C-A5FD-CC21ACFFA889}.Debug (.Net 3.5)|Any CPU.ActiveCfg = Debug|Any CPU
		{23B83EAD-51A4-452C-A5FD-CC21ACFFA889}.Debug (.Net 3.5)|Any CPU.Build.0 = Debug|Any CPU
		{23B83EAD-51A4-452C-A5FD-CC21ACFFA889}.Debug (.Net 3.5)|Mixed Platforms.ActiveCfg = Debug|Any CPU
		{23B83EAD-51A4-452C-A5FD-CC21ACFFA889}.Debug (.Net 3.5)|Mixed Platforms.Build.0 = Debug|Any CPU
		{23B83EAD-51A4-452C-A5FD-CC21ACFFA889}.Debug (.Net 3.5)|x86.ActiveCfg = Debug|Any CPU
		{23B83EAD-51A4-452C-A5FD-CC21ACFFA889}.Debug (.Net 4.0)|Any CPU.ActiveCfg = Debug|Any CPU
		{23B83EAD-51A4-452C-A5FD-CC21ACFFA889}.Debug (.Net 4.0)|Any CPU.Build.0 = Debug|Any CPU
		{23B83EAD-51A4-452C-A5FD-CC21ACFFA889}.Debug (.Net 4.0)|Mixed Platforms.ActiveCfg = Debug|Any CPU
		{23B83EAD-51A4-452C-A5FD-CC21ACFFA889}.Debug (.Net 4.0)|Mixed Platforms.Build.0 = Debug|Any CPU
		{23B83EAD-51A4-452C-A5FD-CC21ACFFA889}.Debug (.Net 4.0)|x86.ActiveCfg = Debug|Any CPU
		{23B83EAD-51A4-452C-A5FD-CC21ACFFA889}.Debug|Any CPU.ActiveCfg = Debug|Any CPU
		{23B83EAD-51A4-452C-A5FD-CC21ACFFA889}.Debug|Any CPU.Build.0 = Debug|Any CPU
		{23B83EAD-51A4-452C-A5FD-CC21ACFFA889}.Debug|Mixed Platforms.ActiveCfg = Debug|Any CPU
		{23B83EAD-51A4-452C-A5FD-CC21ACFFA889}.Debug|Mixed Platforms.Build.0 = Debug|Any CPU
		{23B83EAD-51A4-452C-A5FD-CC21ACFFA889}.Debug|x86.ActiveCfg = Debug|Any CPU
		{23B83EAD-51A4-452C-A5FD-CC21ACFFA889}.NET40-Debug|Any CPU.ActiveCfg = Debug|Any CPU
		{23B83EAD-51A4-452C-A5FD-CC21ACFFA889}.NET40-Debug|Any CPU.Build.0 = Debug|Any CPU
		{23B83EAD-51A4-452C-A5FD-CC21ACFFA889}.NET40-Debug|Mixed Platforms.ActiveCfg = Debug|Any CPU
		{23B83EAD-51A4-452C-A5FD-CC21ACFFA889}.NET40-Debug|Mixed Platforms.Build.0 = Debug|Any CPU
		{23B83EAD-51A4-452C-A5FD-CC21ACFFA889}.NET40-Debug|x86.ActiveCfg = Debug|Any CPU
		{23B83EAD-51A4-452C-A5FD-CC21ACFFA889}.NET40-Release|Any CPU.ActiveCfg = Release|Any CPU
		{23B83EAD-51A4-452C-A5FD-CC21ACFFA889}.NET40-Release|Any CPU.Build.0 = Release|Any CPU
		{23B83EAD-51A4-452C-A5FD-CC21ACFFA889}.NET40-Release|Mixed Platforms.ActiveCfg = Release|Any CPU
		{23B83EAD-51A4-452C-A5FD-CC21ACFFA889}.NET40-Release|Mixed Platforms.Build.0 = Release|Any CPU
		{23B83EAD-51A4-452C-A5FD-CC21ACFFA889}.NET40-Release|x86.ActiveCfg = Release|Any CPU
		{23B83EAD-51A4-452C-A5FD-CC21ACFFA889}.Release (.Net 2.0)|Any CPU.ActiveCfg = Release|Any CPU
		{23B83EAD-51A4-452C-A5FD-CC21ACFFA889}.Release (.Net 2.0)|Any CPU.Build.0 = Release|Any CPU
		{23B83EAD-51A4-452C-A5FD-CC21ACFFA889}.Release (.Net 2.0)|Mixed Platforms.ActiveCfg = Release|Any CPU
		{23B83EAD-51A4-452C-A5FD-CC21ACFFA889}.Release (.Net 2.0)|Mixed Platforms.Build.0 = Release|Any CPU
		{23B83EAD-51A4-452C-A5FD-CC21ACFFA889}.Release (.Net 2.0)|x86.ActiveCfg = Release|Any CPU
		{23B83EAD-51A4-452C-A5FD-CC21ACFFA889}.Release (.Net 3.5)|Any CPU.ActiveCfg = Release|Any CPU
		{23B83EAD-51A4-452C-A5FD-CC21ACFFA889}.Release (.Net 3.5)|Any CPU.Build.0 = Release|Any CPU
		{23B83EAD-51A4-452C-A5FD-CC21ACFFA889}.Release (.Net 3.5)|Mixed Platforms.ActiveCfg = Release|Any CPU
		{23B83EAD-51A4-452C-A5FD-CC21ACFFA889}.Release (.Net 3.5)|Mixed Platforms.Build.0 = Release|Any CPU
		{23B83EAD-51A4-452C-A5FD-CC21ACFFA889}.Release (.Net 3.5)|x86.ActiveCfg = Release|Any CPU
		{23B83EAD-51A4-452C-A5FD-CC21ACFFA889}.Release (.Net 4.0)|Any CPU.ActiveCfg = Release|Any CPU
		{23B83EAD-51A4-452C-A5FD-CC21ACFFA889}.Release (.Net 4.0)|Any CPU.Build.0 = Release|Any CPU
		{23B83EAD-51A4-452C-A5FD-CC21ACFFA889}.Release (.Net 4.0)|Mixed Platforms.ActiveCfg = Release|Any CPU
		{23B83EAD-51A4-452C-A5FD-CC21ACFFA889}.Release (.Net 4.0)|Mixed Platforms.Build.0 = Release|Any CPU
		{23B83EAD-51A4-452C-A5FD-CC21ACFFA889}.Release (.Net 4.0)|x86.ActiveCfg = Release|Any CPU
		{23B83EAD-51A4-452C-A5FD-CC21ACFFA889}.Release|Any CPU.ActiveCfg = Release|Any CPU
		{23B83EAD-51A4-452C-A5FD-CC21ACFFA889}.Release|Any CPU.Build.0 = Release|Any CPU
		{23B83EAD-51A4-452C-A5FD-CC21ACFFA889}.Release|Mixed Platforms.ActiveCfg = Release|Any CPU
		{23B83EAD-51A4-452C-A5FD-CC21ACFFA889}.Release|Mixed Platforms.Build.0 = Release|Any CPU
		{23B83EAD-51A4-452C-A5FD-CC21ACFFA889}.Release|x86.ActiveCfg = Release|Any CPU
		{23B83EAD-51A4-452C-A5FD-CC21ACFFA889}.Release|x86.Build.0 = Release|Any CPU
		{217E2D34-F6DF-431B-AC5A-B368F481A530}.AutomatedDebug|Any CPU.ActiveCfg = AutomatedDebug|Any CPU
		{217E2D34-F6DF-431B-AC5A-B368F481A530}.AutomatedDebug|Any CPU.Build.0 = AutomatedDebug|Any CPU
		{217E2D34-F6DF-431B-AC5A-B368F481A530}.AutomatedDebug|Mixed Platforms.ActiveCfg = AutomatedDebug|Any CPU
		{217E2D34-F6DF-431B-AC5A-B368F481A530}.AutomatedDebug|Mixed Platforms.Build.0 = AutomatedDebug|Any CPU
		{217E2D34-F6DF-431B-AC5A-B368F481A530}.AutomatedDebug|x86.ActiveCfg = AutomatedDebug|Any CPU
		{217E2D34-F6DF-431B-AC5A-B368F481A530}.Configuration|Any CPU.ActiveCfg = Release (.Net 3.5)|Any CPU
		{217E2D34-F6DF-431B-AC5A-B368F481A530}.Configuration|Any CPU.Build.0 = Release (.Net 3.5)|Any CPU
		{217E2D34-F6DF-431B-AC5A-B368F481A530}.Configuration|Mixed Platforms.ActiveCfg = Release (.Net 3.5)|Any CPU
		{217E2D34-F6DF-431B-AC5A-B368F481A530}.Configuration|Mixed Platforms.Build.0 = Release (.Net 3.5)|Any CPU
		{217E2D34-F6DF-431B-AC5A-B368F481A530}.Configuration|x86.ActiveCfg = Release (.Net 3.5)|Any CPU
		{217E2D34-F6DF-431B-AC5A-B368F481A530}.Debug (.Net 2.0)|Any CPU.ActiveCfg = Debug (.Net 2.0)|Any CPU
		{217E2D34-F6DF-431B-AC5A-B368F481A530}.Debug (.Net 2.0)|Any CPU.Build.0 = Debug (.Net 2.0)|Any CPU
		{217E2D34-F6DF-431B-AC5A-B368F481A530}.Debug (.Net 2.0)|Mixed Platforms.ActiveCfg = Debug (.Net 2.0)|Any CPU
		{217E2D34-F6DF-431B-AC5A-B368F481A530}.Debug (.Net 2.0)|Mixed Platforms.Build.0 = Debug (.Net 2.0)|Any CPU
		{217E2D34-F6DF-431B-AC5A-B368F481A530}.Debug (.Net 2.0)|x86.ActiveCfg = Debug (.Net 2.0)|Any CPU
		{217E2D34-F6DF-431B-AC5A-B368F481A530}.Debug (.Net 3.5)|Any CPU.ActiveCfg = Debug (.Net 3.5)|Any CPU
		{217E2D34-F6DF-431B-AC5A-B368F481A530}.Debug (.Net 3.5)|Any CPU.Build.0 = Debug (.Net 3.5)|Any CPU
		{217E2D34-F6DF-431B-AC5A-B368F481A530}.Debug (.Net 3.5)|Mixed Platforms.ActiveCfg = Debug (.Net 3.5)|Any CPU
		{217E2D34-F6DF-431B-AC5A-B368F481A530}.Debug (.Net 3.5)|Mixed Platforms.Build.0 = Debug (.Net 3.5)|Any CPU
		{217E2D34-F6DF-431B-AC5A-B368F481A530}.Debug (.Net 3.5)|x86.ActiveCfg = Debug (.Net 3.5)|Any CPU
		{217E2D34-F6DF-431B-AC5A-B368F481A530}.Debug (.Net 4.0)|Any CPU.ActiveCfg = Debug (.Net 3.5)|Any CPU
		{217E2D34-F6DF-431B-AC5A-B368F481A530}.Debug (.Net 4.0)|Any CPU.Build.0 = Debug (.Net 3.5)|Any CPU
		{217E2D34-F6DF-431B-AC5A-B368F481A530}.Debug (.Net 4.0)|Mixed Platforms.ActiveCfg = Debug (.Net 3.5)|Any CPU
		{217E2D34-F6DF-431B-AC5A-B368F481A530}.Debug (.Net 4.0)|Mixed Platforms.Build.0 = Debug (.Net 3.5)|Any CPU
		{217E2D34-F6DF-431B-AC5A-B368F481A530}.Debug (.Net 4.0)|x86.ActiveCfg = Debug (.Net 3.5)|Any CPU
		{217E2D34-F6DF-431B-AC5A-B368F481A530}.Debug|Any CPU.ActiveCfg = Debug (.Net 3.5)|Any CPU
		{217E2D34-F6DF-431B-AC5A-B368F481A530}.Debug|Any CPU.Build.0 = Debug (.Net 3.5)|Any CPU
		{217E2D34-F6DF-431B-AC5A-B368F481A530}.Debug|Mixed Platforms.ActiveCfg = Debug (.Net 3.5)|Any CPU
		{217E2D34-F6DF-431B-AC5A-B368F481A530}.Debug|Mixed Platforms.Build.0 = Debug (.Net 3.5)|Any CPU
		{217E2D34-F6DF-431B-AC5A-B368F481A530}.Debug|x86.ActiveCfg = Debug (.Net 3.5)|Any CPU
		{217E2D34-F6DF-431B-AC5A-B368F481A530}.NET40-Debug|Any CPU.ActiveCfg = Release (.Net 3.5)|Any CPU
		{217E2D34-F6DF-431B-AC5A-B368F481A530}.NET40-Debug|Any CPU.Build.0 = Release (.Net 3.5)|Any CPU
		{217E2D34-F6DF-431B-AC5A-B368F481A530}.NET40-Debug|Mixed Platforms.ActiveCfg = Release (.Net 3.5)|Any CPU
		{217E2D34-F6DF-431B-AC5A-B368F481A530}.NET40-Debug|Mixed Platforms.Build.0 = Release (.Net 3.5)|Any CPU
		{217E2D34-F6DF-431B-AC5A-B368F481A530}.NET40-Debug|x86.ActiveCfg = Release (.Net 3.5)|Any CPU
		{217E2D34-F6DF-431B-AC5A-B368F481A530}.NET40-Release|Any CPU.ActiveCfg = Release (.Net 3.5)|Any CPU
		{217E2D34-F6DF-431B-AC5A-B368F481A530}.NET40-Release|Any CPU.Build.0 = Release (.Net 3.5)|Any CPU
		{217E2D34-F6DF-431B-AC5A-B368F481A530}.NET40-Release|Mixed Platforms.ActiveCfg = Release (.Net 3.5)|Any CPU
		{217E2D34-F6DF-431B-AC5A-B368F481A530}.NET40-Release|Mixed Platforms.Build.0 = Release (.Net 3.5)|Any CPU
		{217E2D34-F6DF-431B-AC5A-B368F481A530}.NET40-Release|x86.ActiveCfg = Release (.Net 3.5)|Any CPU
		{217E2D34-F6DF-431B-AC5A-B368F481A530}.Release (.Net 2.0)|Any CPU.ActiveCfg = Release (.Net 2.0)|Any CPU
		{217E2D34-F6DF-431B-AC5A-B368F481A530}.Release (.Net 2.0)|Any CPU.Build.0 = Release (.Net 2.0)|Any CPU
		{217E2D34-F6DF-431B-AC5A-B368F481A530}.Release (.Net 2.0)|Mixed Platforms.ActiveCfg = Release (.Net 2.0)|Any CPU
		{217E2D34-F6DF-431B-AC5A-B368F481A530}.Release (.Net 2.0)|Mixed Platforms.Build.0 = Release (.Net 2.0)|Any CPU
		{217E2D34-F6DF-431B-AC5A-B368F481A530}.Release (.Net 2.0)|x86.ActiveCfg = Release (.Net 2.0)|Any CPU
		{217E2D34-F6DF-431B-AC5A-B368F481A530}.Release (.Net 3.5)|Any CPU.ActiveCfg = Release (.Net 3.5)|Any CPU
		{217E2D34-F6DF-431B-AC5A-B368F481A530}.Release (.Net 3.5)|Any CPU.Build.0 = Release (.Net 3.5)|Any CPU
		{217E2D34-F6DF-431B-AC5A-B368F481A530}.Release (.Net 3.5)|Mixed Platforms.ActiveCfg = Release (.Net 3.5)|Any CPU
		{217E2D34-F6DF-431B-AC5A-B368F481A530}.Release (.Net 3.5)|Mixed Platforms.Build.0 = Release (.Net 3.5)|Any CPU
		{217E2D34-F6DF-431B-AC5A-B368F481A530}.Release (.Net 3.5)|x86.ActiveCfg = Release (.Net 3.5)|Any CPU
		{217E2D34-F6DF-431B-AC5A-B368F481A530}.Release (.Net 4.0)|Any CPU.ActiveCfg = Release (.Net 3.5)|Any CPU
		{217E2D34-F6DF-431B-AC5A-B368F481A530}.Release (.Net 4.0)|Any CPU.Build.0 = Release (.Net 3.5)|Any CPU
		{217E2D34-F6DF-431B-AC5A-B368F481A530}.Release (.Net 4.0)|Mixed Platforms.ActiveCfg = Release (.Net 3.5)|Any CPU
		{217E2D34-F6DF-431B-AC5A-B368F481A530}.Release (.Net 4.0)|Mixed Platforms.Build.0 = Release (.Net 3.5)|Any CPU
		{217E2D34-F6DF-431B-AC5A-B368F481A530}.Release (.Net 4.0)|x86.ActiveCfg = Release (.Net 3.5)|Any CPU
		{217E2D34-F6DF-431B-AC5A-B368F481A530}.Release|Any CPU.ActiveCfg = Release (.Net 3.5)|Any CPU
		{217E2D34-F6DF-431B-AC5A-B368F481A530}.Release|Any CPU.Build.0 = Release (.Net 3.5)|Any CPU
		{217E2D34-F6DF-431B-AC5A-B368F481A530}.Release|Mixed Platforms.ActiveCfg = Release (.Net 3.5)|Any CPU
		{217E2D34-F6DF-431B-AC5A-B368F481A530}.Release|Mixed Platforms.Build.0 = Release (.Net 3.5)|Any CPU
		{217E2D34-F6DF-431B-AC5A-B368F481A530}.Release|x86.ActiveCfg = Release (.Net 3.5)|Any CPU
	EndGlobalSection
	GlobalSection(SolutionProperties) = preSolution
		HideSolutionNode = FALSE
	EndGlobalSection
	GlobalSection(NestedProjects) = preSolution
		{ED4D7A89-B456-4D4A-9E24-570D9D8ECA46} = {19DBE148-F782-4A31-B8C5-B591FD911934}
		{85F90361-2B8F-4F07-B41A-5549797B0BB6} = {19DBE148-F782-4A31-B8C5-B591FD911934}
		{57C9613C-AE7D-4B0E-B641-6E1D0FE9E5FA} = {19DBE148-F782-4A31-B8C5-B591FD911934}
		{6C27FE0B-C51F-43B2-8E52-B0345341CA8B} = {19DBE148-F782-4A31-B8C5-B591FD911934}
		{3513ECC9-37E0-49A3-9551-9865702B6D3A} = {19DBE148-F782-4A31-B8C5-B591FD911934}
		{E8E8BB5D-3302-4763-94F2-A8A238F7D6EA} = {19DBE148-F782-4A31-B8C5-B591FD911934}
		{B5F04D1A-A40B-4136-8390-F3AEFF3C8F6C} = {2A039456-D4A3-417A-8797-BEA66B008C53}
		{C3642563-DC8D-4200-A399-1F5B1B2A298E} = {2A039456-D4A3-417A-8797-BEA66B008C53}
		{9CFDEA39-275B-4245-BDE7-D96FD28D7EE4} = {2A039456-D4A3-417A-8797-BEA66B008C53}
		{E6002FD6-8506-4FC5-954D-9DB4202573BE} = {2A039456-D4A3-417A-8797-BEA66B008C53}
		{23B83EAD-51A4-452C-A5FD-CC21ACFFA889} = {2A039456-D4A3-417A-8797-BEA66B008C53}
		{217E2D34-F6DF-431B-AC5A-B368F481A530} = {2A039456-D4A3-417A-8797-BEA66B008C53}
		{3B4E5512-1440-4AD7-B0FD-3AF2A7C9C343} = {257F1F7A-F85F-4A16-A913-9AC47779F89C}
	EndGlobalSection
EndGlobal
